
Microsoft Visual Studio Solution File, Format Version 12.00
# Visual Studio 15
VisualStudioVersion = 15.0.26730.8
MinimumVisualStudioVersion = 10.0.40219.1
Project("{9A19103F-16F7-4668-BE54-9A1E7A4F7556}") = "Runtime", "Runtime\Runtime.csproj", "{412F9C2E-C840-4D37-9B20-203DD06B1D98}"
EndProject
Project("{9A19103F-16F7-4668-BE54-9A1E7A4F7556}") = "Server", "Server\Server.csproj", "{AD185E40-0431-4C99-BB89-18D48C9798DC}"
EndProject
Project("{9A19103F-16F7-4668-BE54-9A1E7A4F7556}") = "Tests", "Tests\Tests.csproj", "{D8EF5801-AA5E-43D2-A19D-568D56D23F8D}"
EndProject
Project("{9A19103F-16F7-4668-BE54-9A1E7A4F7556}") = "WebApp", "WebApp\WebApp.csproj", "{8C5359F9-5A55-4078-AFB6-E524321DA6C3}"
EndProject
Project("{2150E333-8FDC-42A3-9474-1A3956D46DE8}") = "external", "external", "{298DF95B-B1E8-4E16-AF0F-C2F9CC0AEFB3}"
EndProject
Project("{FAE04EC0-301F-11D3-BF4B-00C04F79EFBC}") = "ICSharpCode.NRefactory.CSharp", "#external\ILSpy\NRefactory\ICSharpCode.NRefactory.CSharp\ICSharpCode.NRefactory.CSharp.csproj", "{53DCA265-3C3C-42F9-B647-F72BA678122B}"
EndProject
Project("{FAE04EC0-301F-11D3-BF4B-00C04F79EFBC}") = "ICSharpCode.NRefactory", "#external\ILSpy\NRefactory\ICSharpCode.NRefactory\ICSharpCode.NRefactory.csproj", "{3B2A5653-EC97-4001-BB9B-D90F1AF2C371}"
EndProject
Project("{FAE04EC0-301F-11D3-BF4B-00C04F79EFBC}") = "ICSharpCode.NRefactory.VB", "#external\ILSpy\NRefactory.VB\ICSharpCode.NRefactory.VB\ICSharpCode.NRefactory.VB.csproj", "{7B82B671-419F-45F4-B778-D9286F996EFA}"
EndProject
Project("{FAE04EC0-301F-11D3-BF4B-00C04F79EFBC}") = "ICSharpCode.Decompiler", "#external\ILSpy\ICSharpCode.Decompiler\ICSharpCode.Decompiler.csproj", "{984CC812-9470-4A13-AFF9-CC44068D666C}"
EndProject
Project("{FAE04EC0-301F-11D3-BF4B-00C04F79EFBC}") = "Mono.Cecil", "#external\ILSpy\cecil\Mono.Cecil.csproj", "{D68133BD-1E63-496E-9EDE-4FBDBF77B486}"
EndProject
Project("{FAE04EC0-301F-11D3-BF4B-00C04F79EFBC}") = "ILSpy.VB", "#external\ILSpy\ILSpy.VB\ILSpy.VB.csproj", "{3F388596-6160-4BD4-9612-29F01BC00B44}"
EndProject
Project("{FAE04EC0-301F-11D3-BF4B-00C04F79EFBC}") = "Mono.Cecil.Pdb", "#external\ILSpy\cecil\symbols\pdb\Mono.Cecil.Pdb.csproj", "{63E6915C-7EA4-4D76-AB28-0D7191EEA626}"
EndProject
Project("{9A19103F-16F7-4668-BE54-9A1E7A4F7556}") = "Server.Azure", "Server.Azure\Server.Azure.csproj", "{3A8AEA1E-E3CC-46E2-A8B9-D0777AC33C12}"
EndProject
Project("{9A19103F-16F7-4668-BE54-9A1E7A4F7556}") = "IL", "IL\IL\IL.csproj", "{799A79D0-D820-4363-AC26-A37A2C9EFEFD}"
EndProject
Project("{2150E333-8FDC-42A3-9474-1A3956D46DE8}") = "IL", "IL", "{9D13DF6F-1127-4A04-A9C2-3844C6506F17}"
EndProject
Project("{FAE04EC0-301F-11D3-BF4B-00C04F79EFBC}") = "IL.Tests", "IL\IL.Tests\IL.Tests.csproj", "{7F995571-2C2C-4C9E-9266-27165598CB26}"
EndProject
Global
	GlobalSection(SolutionConfigurationPlatforms) = preSolution
		Debug|Any CPU = Debug|Any CPU
		Release|Any CPU = Release|Any CPU
	EndGlobalSection
	GlobalSection(ProjectConfigurationPlatforms) = postSolution
		{412F9C2E-C840-4D37-9B20-203DD06B1D98}.Debug|Any CPU.ActiveCfg = Debug|Any CPU
		{412F9C2E-C840-4D37-9B20-203DD06B1D98}.Debug|Any CPU.Build.0 = Debug|Any CPU
		{412F9C2E-C840-4D37-9B20-203DD06B1D98}.Release|Any CPU.ActiveCfg = Release|Any CPU
		{412F9C2E-C840-4D37-9B20-203DD06B1D98}.Release|Any CPU.Build.0 = Release|Any CPU
		{AD185E40-0431-4C99-BB89-18D48C9798DC}.Debug|Any CPU.ActiveCfg = Debug|Any CPU
		{AD185E40-0431-4C99-BB89-18D48C9798DC}.Debug|Any CPU.Build.0 = Debug|Any CPU
		{AD185E40-0431-4C99-BB89-18D48C9798DC}.Release|Any CPU.ActiveCfg = Release|Any CPU
		{AD185E40-0431-4C99-BB89-18D48C9798DC}.Release|Any CPU.Build.0 = Release|Any CPU
		{D8EF5801-AA5E-43D2-A19D-568D56D23F8D}.Debug|Any CPU.ActiveCfg = Debug|Any CPU
		{D8EF5801-AA5E-43D2-A19D-568D56D23F8D}.Debug|Any CPU.Build.0 = Debug|Any CPU
		{D8EF5801-AA5E-43D2-A19D-568D56D23F8D}.Release|Any CPU.ActiveCfg = Release|Any CPU
		{D8EF5801-AA5E-43D2-A19D-568D56D23F8D}.Release|Any CPU.Build.0 = Release|Any CPU
		{8C5359F9-5A55-4078-AFB6-E524321DA6C3}.Debug|Any CPU.ActiveCfg = Debug|Any CPU
		{8C5359F9-5A55-4078-AFB6-E524321DA6C3}.Debug|Any CPU.Build.0 = Debug|Any CPU
		{8C5359F9-5A55-4078-AFB6-E524321DA6C3}.Release|Any CPU.ActiveCfg = Release|Any CPU
		{8C5359F9-5A55-4078-AFB6-E524321DA6C3}.Release|Any CPU.Build.0 = Release|Any CPU
		{53DCA265-3C3C-42F9-B647-F72BA678122B}.Debug|Any CPU.ActiveCfg = net_4_5_Debug|Any CPU
		{53DCA265-3C3C-42F9-B647-F72BA678122B}.Debug|Any CPU.Build.0 = net_4_5_Debug|Any CPU
		{53DCA265-3C3C-42F9-B647-F72BA678122B}.Release|Any CPU.ActiveCfg = net_4_5_Release|Any CPU
		{53DCA265-3C3C-42F9-B647-F72BA678122B}.Release|Any CPU.Build.0 = net_4_5_Release|Any CPU
		{3B2A5653-EC97-4001-BB9B-D90F1AF2C371}.Debug|Any CPU.ActiveCfg = net_4_5_Debug|Any CPU
		{3B2A5653-EC97-4001-BB9B-D90F1AF2C371}.Debug|Any CPU.Build.0 = net_4_5_Debug|Any CPU
		{3B2A5653-EC97-4001-BB9B-D90F1AF2C371}.Release|Any CPU.ActiveCfg = net_4_5_Release|Any CPU
		{3B2A5653-EC97-4001-BB9B-D90F1AF2C371}.Release|Any CPU.Build.0 = net_4_5_Release|Any CPU
		{7B82B671-419F-45F4-B778-D9286F996EFA}.Debug|Any CPU.ActiveCfg = net_4_5_Debug|Any CPU
		{7B82B671-419F-45F4-B778-D9286F996EFA}.Debug|Any CPU.Build.0 = net_4_5_Debug|Any CPU
		{7B82B671-419F-45F4-B778-D9286F996EFA}.Release|Any CPU.ActiveCfg = net_4_5_Release|Any CPU
		{7B82B671-419F-45F4-B778-D9286F996EFA}.Release|Any CPU.Build.0 = net_4_5_Release|Any CPU
		{984CC812-9470-4A13-AFF9-CC44068D666C}.Debug|Any CPU.ActiveCfg = net_4_5_Debug|Any CPU
		{984CC812-9470-4A13-AFF9-CC44068D666C}.Debug|Any CPU.Build.0 = net_4_5_Debug|Any CPU
		{984CC812-9470-4A13-AFF9-CC44068D666C}.Release|Any CPU.ActiveCfg = net_4_5_Release|Any CPU
		{984CC812-9470-4A13-AFF9-CC44068D666C}.Release|Any CPU.Build.0 = net_4_5_Release|Any CPU
		{D68133BD-1E63-496E-9EDE-4FBDBF77B486}.Debug|Any CPU.ActiveCfg = net_4_5_Debug|Any CPU
		{D68133BD-1E63-496E-9EDE-4FBDBF77B486}.Debug|Any CPU.Build.0 = net_4_5_Debug|Any CPU
		{D68133BD-1E63-496E-9EDE-4FBDBF77B486}.Release|Any CPU.ActiveCfg = net_4_5_Release|Any CPU
		{D68133BD-1E63-496E-9EDE-4FBDBF77B486}.Release|Any CPU.Build.0 = net_4_5_Release|Any CPU
		{3F388596-6160-4BD4-9612-29F01BC00B44}.Debug|Any CPU.ActiveCfg = net_4_5_Debug|Any CPU
		{3F388596-6160-4BD4-9612-29F01BC00B44}.Debug|Any CPU.Build.0 = net_4_5_Debug|Any CPU
		{3F388596-6160-4BD4-9612-29F01BC00B44}.Release|Any CPU.ActiveCfg = net_4_5_Release|Any CPU
		{3F388596-6160-4BD4-9612-29F01BC00B44}.Release|Any CPU.Build.0 = net_4_5_Release|Any CPU
		{63E6915C-7EA4-4D76-AB28-0D7191EEA626}.Debug|Any CPU.ActiveCfg = net_4_5_Debug|Any CPU
		{63E6915C-7EA4-4D76-AB28-0D7191EEA626}.Debug|Any CPU.Build.0 = net_4_5_Debug|Any CPU
		{63E6915C-7EA4-4D76-AB28-0D7191EEA626}.Release|Any CPU.ActiveCfg = net_4_5_Release|Any CPU
		{63E6915C-7EA4-4D76-AB28-0D7191EEA626}.Release|Any CPU.Build.0 = net_4_5_Release|Any CPU
		{3A8AEA1E-E3CC-46E2-A8B9-D0777AC33C12}.Debug|Any CPU.ActiveCfg = Debug|Any CPU
		{3A8AEA1E-E3CC-46E2-A8B9-D0777AC33C12}.Debug|Any CPU.Build.0 = Debug|Any CPU
		{3A8AEA1E-E3CC-46E2-A8B9-D0777AC33C12}.Release|Any CPU.ActiveCfg = Release|Any CPU
		{3A8AEA1E-E3CC-46E2-A8B9-D0777AC33C12}.Release|Any CPU.Build.0 = Release|Any CPU
		{799A79D0-D820-4363-AC26-A37A2C9EFEFD}.Debug|Any CPU.ActiveCfg = Debug|Any CPU
		{799A79D0-D820-4363-AC26-A37A2C9EFEFD}.Debug|Any CPU.Build.0 = Debug|Any CPU
		{799A79D0-D820-4363-AC26-A37A2C9EFEFD}.Release|Any CPU.ActiveCfg = Release|Any CPU
		{799A79D0-D820-4363-AC26-A37A2C9EFEFD}.Release|Any CPU.Build.0 = Release|Any CPU
		{7F995571-2C2C-4C9E-9266-27165598CB26}.Debug|Any CPU.ActiveCfg = Debug|Any CPU
		{7F995571-2C2C-4C9E-9266-27165598CB26}.Debug|Any CPU.Build.0 = Debug|Any CPU
		{7F995571-2C2C-4C9E-9266-27165598CB26}.Release|Any CPU.ActiveCfg = Release|Any CPU
		{7F995571-2C2C-4C9E-9266-27165598CB26}.Release|Any CPU.Build.0 = Release|Any CPU
	EndGlobalSection
	GlobalSection(SolutionProperties) = preSolution
		HideSolutionNode = FALSE
	EndGlobalSection
	GlobalSection(NestedProjects) = preSolution
		{53DCA265-3C3C-42F9-B647-F72BA678122B} = {298DF95B-B1E8-4E16-AF0F-C2F9CC0AEFB3}
		{3B2A5653-EC97-4001-BB9B-D90F1AF2C371} = {298DF95B-B1E8-4E16-AF0F-C2F9CC0AEFB3}
		{7B82B671-419F-45F4-B778-D9286F996EFA} = {298DF95B-B1E8-4E16-AF0F-C2F9CC0AEFB3}
		{984CC812-9470-4A13-AFF9-CC44068D666C} = {298DF95B-B1E8-4E16-AF0F-C2F9CC0AEFB3}
		{D68133BD-1E63-496E-9EDE-4FBDBF77B486} = {298DF95B-B1E8-4E16-AF0F-C2F9CC0AEFB3}
		{3F388596-6160-4BD4-9612-29F01BC00B44} = {298DF95B-B1E8-4E16-AF0F-C2F9CC0AEFB3}
		{63E6915C-7EA4-4D76-AB28-0D7191EEA626} = {298DF95B-B1E8-4E16-AF0F-C2F9CC0AEFB3}
		{799A79D0-D820-4363-AC26-A37A2C9EFEFD} = {9D13DF6F-1127-4A04-A9C2-3844C6506F17}
		{7F995571-2C2C-4C9E-9266-27165598CB26} = {9D13DF6F-1127-4A04-A9C2-3844C6506F17}
	EndGlobalSection
	GlobalSection(ExtensibilityGlobals) = postSolution
		SolutionGuid = {8CE0498A-BD84-493A-92FE-9B9AB146D86D}
	EndGlobalSection
	GlobalSection(Performance) = preSolution
		HasPerformanceSessions = true
	EndGlobalSection
EndGlobal
