
Microsoft Visual Studio Solution File, Format Version 12.00
# Visual Studio Version 17
VisualStudioVersion = 17.0.31903.59
MinimumVisualStudioVersion = 10.0.40219.1
Project("{9A19103F-16F7-4668-BE54-9A1E7A4F7556}") = "Runtime", "Runtime\Runtime.csproj", "{412F9C2E-C840-4D37-9B20-203DD06B1D98}"
EndProject
Project("{9A19103F-16F7-4668-BE54-9A1E7A4F7556}") = "Server", "Server\Server.csproj", "{AD185E40-0431-4C99-BB89-18D48C9798DC}"
EndProject
Project("{9A19103F-16F7-4668-BE54-9A1E7A4F7556}") = "Tests", "Tests\Tests.csproj", "{D8EF5801-AA5E-43D2-A19D-568D56D23F8D}"
EndProject
Project("{2150E333-8FDC-42A3-9474-1A3956D46DE8}") = "external", "external", "{298DF95B-B1E8-4E16-AF0F-C2F9CC0AEFB3}"
EndProject
Project("{2150E333-8FDC-42A3-9474-1A3956D46DE8}") = "Solution Items", "Solution Items", "{8496C554-BC9D-4A47-AD04-5E580DF7F55C}"
	ProjectSection(SolutionItems) = preProject
		Directory.Build.props = Directory.Build.props
	EndProjectSection
EndProject
Project("{2150E333-8FDC-42A3-9474-1A3956D46DE8}") = "SourcePath", "SourcePath", "{427694A1-686C-4CDD-AEF5-01437B938626}"
EndProject
Project("{9A19103F-16F7-4668-BE54-9A1E7A4F7556}") = "Roslyn", "#external\SourcePath\Roslyn\Roslyn.csproj", "{245CE37C-F63C-42D8-9074-A7528A71C2EF}"
EndProject
Project("{9A19103F-16F7-4668-BE54-9A1E7A4F7556}") = "Tests", "#external\SourcePath\Tests\Tests.csproj", "{A3370785-B451-46A6-A987-1D2E33670DED}"
EndProject
Project("{9A19103F-16F7-4668-BE54-9A1E7A4F7556}") = "[Core]", "#external\SourcePath\[Core]\[Core].csproj", "{BF7F5D01-A042-403A-957C-B7E07668A6C3}"
EndProject
Project("{9A19103F-16F7-4668-BE54-9A1E7A4F7556}") = "Configuration", "#external\SourcePath\Configuration\Configuration.csproj", "{9CA1393E-997A-4C43-ACDB-6A18CB1BBE92}"
EndProject
Project("{8BC9CEB8-8B4A-11D0-8D11-00A0C91BC942}") = "Native.Profiler", "Native.Profiler\Native.Profiler.vcxproj", "{91B6272F-5780-4C94-8071-DBBA7B4F67F3}"
EndProject
Project("{2150E333-8FDC-42A3-9474-1A3956D46DE8}") = "NetFramework", "NetFramework", "{EF15AF07-4890-424F-9260-937CA47204C3}"
EndProject
Project("{9A19103F-16F7-4668-BE54-9A1E7A4F7556}") = "Runtime", "NetFramework\Runtime\Runtime.csproj", "{BE446E9B-B2AB-4346-BD38-D6AB189E8CE4}"
EndProject
Project("{9A19103F-16F7-4668-BE54-9A1E7A4F7556}") = "Server", "NetFramework\Server\Server.csproj", "{73E28B1D-A1A8-491D-84AC-B3564FF607E1}"
EndProject
Project("{9A19103F-16F7-4668-BE54-9A1E7A4F7556}") = "Tests", "NetFramework\Tests\Tests.csproj", "{7724CEA2-C6A7-4C24-B734-1E307DD59093}"
EndProject
Project("{9A19103F-16F7-4668-BE54-9A1E7A4F7556}") = "WebApp.Server", "WebApp.Server\WebApp.Server.csproj", "{B77F9A80-8737-40B7-A523-6916CA50C3DF}"
EndProject
Project("{9A19103F-16F7-4668-BE54-9A1E7A4F7556}") = "Container", "Container\Container.csproj", "{7C89F0C0-2454-434B-A27A-6F85C7AFCBA2}"
EndProject
Project("{9A19103F-16F7-4668-BE54-9A1E7A4F7556}") = "Container.Manager", "Container.Manager\Container.Manager.csproj", "{6ACA6D9A-05DC-4F4E-85E2-DDC291E51ECE}"
EndProject
Project("{9A19103F-16F7-4668-BE54-9A1E7A4F7556}") = "Container.Warmup", "Container.Warmup\Container.Warmup.csproj", "{6B539A68-E28C-47F9-AE60-758185B3589C}"
EndProject
Project("{2150E333-8FDC-42A3-9474-1A3956D46DE8}") = "mirrorsharp", "mirrorsharp", "{857B6AAC-168B-4C0A-AC0E-9471B1133E18}"
EndProject
Project("{9A19103F-16F7-4668-BE54-9A1E7A4F7556}") = "Common", "#external\mirrorsharp-codemirror-6-preview\Common\Common.csproj", "{85D37C09-55DB-4826-A82C-00306E7F7FFD}"
EndProject
Project("{9A19103F-16F7-4668-BE54-9A1E7A4F7556}") = "FSharp", "#external\mirrorsharp-codemirror-6-preview\FSharp\FSharp.csproj", "{4CB3E2A1-CBB9-40B5-A8E5-5E5BE0A43440}"
EndProject
Project("{9A19103F-16F7-4668-BE54-9A1E7A4F7556}") = "AspNetCore", "#external\mirrorsharp-codemirror-6-preview\AspNetCore\AspNetCore.csproj", "{956D5368-42DC-4449-BE26-3114A0FFA26A}"
EndProject
Project("{9A19103F-16F7-4668-BE54-9A1E7A4F7556}") = "VisualBasic", "#external\mirrorsharp-codemirror-6-preview\VisualBasic\VisualBasic.csproj", "{92675C61-F0E7-4317-AD8F-BF40246CA3BE}"
EndProject
Project("{9A19103F-16F7-4668-BE54-9A1E7A4F7556}") = "IL", "#external\mirrorsharp-codemirror-6-preview\IL\IL.csproj", "{F349EC21-2D0A-4BCF-8416-33783AC420CF}"
EndProject
Project("{9A19103F-16F7-4668-BE54-9A1E7A4F7556}") = "Testing", "#external\mirrorsharp-codemirror-6-preview\Testing\Testing.csproj", "{25D47016-569C-4CB6-9CB3-B2B8243B3485}"
EndProject
Project("{9A19103F-16F7-4668-BE54-9A1E7A4F7556}") = "Owin", "#external\mirrorsharp-codemirror-6-preview\Owin\Owin.csproj", "{364367F9-D5DF-4DE0-9BF5-230144E00CE9}"
EndProject
Project("{2150E333-8FDC-42A3-9474-1A3956D46DE8}") = "Mobius.ILasm", "Mobius.ILasm", "{F2DC8AAC-B7A3-44CA-97C8-6DA6F6285EFA}"
EndProject
Project("{9A19103F-16F7-4668-BE54-9A1E7A4F7556}") = "Mobius.ILasm", "#external\Mobius.ILasm\Mobius.ILASM\Mobius.ILasm.csproj", "{9B7BAE87-1AFC-4E18-AA96-1A121CA288C4}"
EndProject
Project("{9A19103F-16F7-4668-BE54-9A1E7A4F7556}") = "Mobius.ILasm.Cli", "#external\Mobius.ILasm\Mobius.ILasm.Cli\Mobius.ILasm.Cli.csproj", "{71D54995-150C-440B-9AD2-AD45836E1CB9}"
EndProject
Project("{9A19103F-16F7-4668-BE54-9A1E7A4F7556}") = "Mobius.ILasm.Tests", "#external\Mobius.ILasm\Mobius.ILasm.Tests\Mobius.ILasm.Tests.csproj", "{7813B6ED-1EFF-4207-BB6C-F9F2C0F59308}"
EndProject
Project("{9A19103F-16F7-4668-BE54-9A1E7A4F7556}") = "Tests", "#external\mirrorsharp-codemirror-6-preview\Tests\Tests.csproj", "{C997F73F-0CAC-4558-B2D6-252131C0DBE0}"
EndProject
Project("{9A19103F-16F7-4668-BE54-9A1E7A4F7556}") = "Php", "#external\mirrorsharp-codemirror-6-preview\Php\Php.csproj", "{8C981375-A016-4B40-B54C-7A324A4D51F0}"
EndProject
Project("{9A19103F-16F7-4668-BE54-9A1E7A4F7556}") = "Mobius.ILasm.Tests.SourceGenerator", "#external\Mobius.ILasm\Mobius.ILasm.Tests.SourceGenerator\Mobius.ILasm.Tests.SourceGenerator.csproj", "{09A00830-68F3-4F04-9322-8F83E898A554}"
EndProject
Project("{2150E333-8FDC-42A3-9474-1A3956D46DE8}") = "Fragile", "Fragile", "{5792E775-0950-4FE2-B38B-711C2023F6F3}"
EndProject
Project("{9A19103F-16F7-4668-BE54-9A1E7A4F7556}") = "Fragile", "#external\Fragile\Fragile\Fragile.csproj", "{FD74AE76-B79C-4540-96B6-223A5E12B89A}"
EndProject
Project("{9A19103F-16F7-4668-BE54-9A1E7A4F7556}") = "Internal.Roslyn33", "#external\mirrorsharp-codemirror-6-preview\Internal.Roslyn33\Internal.Roslyn33.csproj", "{4DD9FAA9-682E-46A6-8AD3-EABFF677C14A}"
EndProject
Project("{9A19103F-16F7-4668-BE54-9A1E7A4F7556}") = "Internal.Roslyn36", "#external\mirrorsharp-codemirror-6-preview\Internal.Roslyn36\Internal.Roslyn36.csproj", "{1FDC16C3-9941-4567-B969-32A7ECA7A237}"
EndProject
Project("{9A19103F-16F7-4668-BE54-9A1E7A4F7556}") = "Internal.Roslyn41", "#external\mirrorsharp-codemirror-6-preview\Internal.Roslyn41\Internal.Roslyn41.csproj", "{FA2F0723-B881-4DD6-AD6E-09AF2154D917}"
EndProject
Project("{9A19103F-16F7-4668-BE54-9A1E7A4F7556}") = "Internal.Roslyn42", "#external\mirrorsharp-codemirror-6-preview\Internal.Roslyn42\Internal.Roslyn42.csproj", "{2AF6A3B6-85AD-497D-A8B3-56586796B976}"
EndProject
Project("{9A19103F-16F7-4668-BE54-9A1E7A4F7556}") = "Tests.RoslynLatest", "#external\mirrorsharp-codemirror-6-preview\Tests.RoslynLatest\Tests.RoslynLatest.csproj", "{790D1C86-D15B-4CE9-9FEE-F72E32AE2C4C}"
EndProject
Project("{9A19103F-16F7-4668-BE54-9A1E7A4F7556}") = "Internal.RoslynInternals", "#external\mirrorsharp-codemirror-6-preview\Internal.RoslynInternals\Internal.RoslynInternals.csproj", "{35658C61-7D7E-4507-8355-0496FA7DA4E7}"
EndProject
Project("{9A19103F-16F7-4668-BE54-9A1E7A4F7556}") = "Internal.Roslyn43", "#external\mirrorsharp-codemirror-6-preview\Internal.Roslyn43\Internal.Roslyn43.csproj", "{E378A792-A0DE-4BD4-8473-B50EC92209FD}"
EndProject
Project("{9A19103F-16F7-4668-BE54-9A1E7A4F7556}") = "Internal.Roslyn44", "#external\mirrorsharp-codemirror-6-preview\Internal.Roslyn44\Internal.Roslyn44.csproj", "{23D21D9E-9F29-4ECF-B4D6-690D072E7FF6}"
EndProject
Project("{9A19103F-16F7-4668-BE54-9A1E7A4F7556}") = "Tests.Roslyn44", "#external\mirrorsharp-codemirror-6-preview\Tests.Roslyn44\Tests.Roslyn44.csproj", "{F2BB1A4A-15B3-4C56-ACDE-BE52B1D000D8}"
EndProject
Project("{9A19103F-16F7-4668-BE54-9A1E7A4F7556}") = "Internal.Roslyn45", "#external\mirrorsharp-codemirror-6-preview\Internal.Roslyn45\Internal.Roslyn45.csproj", "{B9D94FA6-CEAF-488F-8B1C-CA93C4F999A7}"
EndProject
Project("{9A19103F-16F7-4668-BE54-9A1E7A4F7556}") = "Internal.Roslyn46", "#external\mirrorsharp-codemirror-6-preview\Internal.Roslyn46\Internal.Roslyn46.csproj", "{2042090B-E2E7-4EC9-8A97-48C4F2013861}"
EndProject
Project("{9A19103F-16F7-4668-BE54-9A1E7A4F7556}") = "Internal.Roslyn47", "#external\mirrorsharp-codemirror-6-preview\Internal.Roslyn47\Internal.Roslyn47.csproj", "{0884F923-37B8-4728-A3EB-AD28CD38A0B6}"
EndProject
Project("{9A19103F-16F7-4668-BE54-9A1E7A4F7556}") = "Internal.Roslyn48", "#external\mirrorsharp-codemirror-6-preview\Internal.Roslyn48\Internal.Roslyn48.csproj", "{9D0D0F2F-37BC-485B-AF47-00788E5092A2}"
EndProject
Project("{9A19103F-16F7-4668-BE54-9A1E7A4F7556}") = "Internal.Roslyn49", "#external\mirrorsharp-codemirror-6-preview\Internal.Roslyn49\Internal.Roslyn49.csproj", "{70C3477B-8A46-480A-AB1D-0DCD486A55AD}"
EndProject
Project("{9A19103F-16F7-4668-BE54-9A1E7A4F7556}") = "Internal.Roslyn410", "#external\mirrorsharp-codemirror-6-preview\Internal.Roslyn410\Internal.Roslyn410.csproj", "{23253C8E-341C-4613-9834-E7CDBE2D88BA}"
EndProject
Project("{9A19103F-16F7-4668-BE54-9A1E7A4F7556}") = "Internal.Roslyn411", "#external\mirrorsharp-codemirror-6-preview\Internal.Roslyn411\Internal.Roslyn411.csproj", "{A91AD05D-9BD5-43C3-9A0B-7D0F8CCE0267}"
EndProject
Project("{FAE04EC0-301F-11D3-BF4B-00C04F79EFBC}") = "Internal.Roslyn412", "#external\mirrorsharp-codemirror-6-preview\Internal.Roslyn412\Internal.Roslyn412.csproj", "{4CAF1FEC-CAC2-44BE-A72B-540877583C36}"
EndProject
Global
	GlobalSection(SolutionConfigurationPlatforms) = preSolution
		Debug|Any CPU = Debug|Any CPU
		Debug|x64 = Debug|x64
		Debug|x86 = Debug|x86
		Debug-Vsix|Any CPU = Debug-Vsix|Any CPU
		Debug-Vsix|x64 = Debug-Vsix|x64
		Debug-Vsix|x86 = Debug-Vsix|x86
		Release|Any CPU = Release|Any CPU
		Release|x64 = Release|x64
		Release|x86 = Release|x86
	EndGlobalSection
	GlobalSection(ProjectConfigurationPlatforms) = postSolution
		{412F9C2E-C840-4D37-9B20-203DD06B1D98}.Debug|Any CPU.ActiveCfg = Debug|Any CPU
		{412F9C2E-C840-4D37-9B20-203DD06B1D98}.Debug|Any CPU.Build.0 = Debug|Any CPU
		{412F9C2E-C840-4D37-9B20-203DD06B1D98}.Debug|x64.ActiveCfg = Debug|Any CPU
		{412F9C2E-C840-4D37-9B20-203DD06B1D98}.Debug|x64.Build.0 = Debug|Any CPU
		{412F9C2E-C840-4D37-9B20-203DD06B1D98}.Debug|x86.ActiveCfg = Debug|Any CPU
		{412F9C2E-C840-4D37-9B20-203DD06B1D98}.Debug|x86.Build.0 = Debug|Any CPU
		{412F9C2E-C840-4D37-9B20-203DD06B1D98}.Debug-Vsix|Any CPU.ActiveCfg = Debug|Any CPU
		{412F9C2E-C840-4D37-9B20-203DD06B1D98}.Debug-Vsix|Any CPU.Build.0 = Debug|Any CPU
		{412F9C2E-C840-4D37-9B20-203DD06B1D98}.Debug-Vsix|x64.ActiveCfg = Debug|Any CPU
		{412F9C2E-C840-4D37-9B20-203DD06B1D98}.Debug-Vsix|x64.Build.0 = Debug|Any CPU
		{412F9C2E-C840-4D37-9B20-203DD06B1D98}.Debug-Vsix|x86.ActiveCfg = Debug|Any CPU
		{412F9C2E-C840-4D37-9B20-203DD06B1D98}.Debug-Vsix|x86.Build.0 = Debug|Any CPU
		{412F9C2E-C840-4D37-9B20-203DD06B1D98}.Release|Any CPU.ActiveCfg = Release|Any CPU
		{412F9C2E-C840-4D37-9B20-203DD06B1D98}.Release|Any CPU.Build.0 = Release|Any CPU
		{412F9C2E-C840-4D37-9B20-203DD06B1D98}.Release|x64.ActiveCfg = Release|Any CPU
		{412F9C2E-C840-4D37-9B20-203DD06B1D98}.Release|x64.Build.0 = Release|Any CPU
		{412F9C2E-C840-4D37-9B20-203DD06B1D98}.Release|x86.ActiveCfg = Release|Any CPU
		{412F9C2E-C840-4D37-9B20-203DD06B1D98}.Release|x86.Build.0 = Release|Any CPU
		{AD185E40-0431-4C99-BB89-18D48C9798DC}.Debug|Any CPU.ActiveCfg = Debug|Any CPU
		{AD185E40-0431-4C99-BB89-18D48C9798DC}.Debug|Any CPU.Build.0 = Debug|Any CPU
		{AD185E40-0431-4C99-BB89-18D48C9798DC}.Debug|x64.ActiveCfg = Debug|Any CPU
		{AD185E40-0431-4C99-BB89-18D48C9798DC}.Debug|x64.Build.0 = Debug|Any CPU
		{AD185E40-0431-4C99-BB89-18D48C9798DC}.Debug|x86.ActiveCfg = Debug|Any CPU
		{AD185E40-0431-4C99-BB89-18D48C9798DC}.Debug|x86.Build.0 = Debug|Any CPU
		{AD185E40-0431-4C99-BB89-18D48C9798DC}.Debug-Vsix|Any CPU.ActiveCfg = Debug|Any CPU
		{AD185E40-0431-4C99-BB89-18D48C9798DC}.Debug-Vsix|Any CPU.Build.0 = Debug|Any CPU
		{AD185E40-0431-4C99-BB89-18D48C9798DC}.Debug-Vsix|x64.ActiveCfg = Debug|Any CPU
		{AD185E40-0431-4C99-BB89-18D48C9798DC}.Debug-Vsix|x64.Build.0 = Debug|Any CPU
		{AD185E40-0431-4C99-BB89-18D48C9798DC}.Debug-Vsix|x86.ActiveCfg = Debug|Any CPU
		{AD185E40-0431-4C99-BB89-18D48C9798DC}.Debug-Vsix|x86.Build.0 = Debug|Any CPU
		{AD185E40-0431-4C99-BB89-18D48C9798DC}.Release|Any CPU.ActiveCfg = Release|Any CPU
		{AD185E40-0431-4C99-BB89-18D48C9798DC}.Release|Any CPU.Build.0 = Release|Any CPU
		{AD185E40-0431-4C99-BB89-18D48C9798DC}.Release|x64.ActiveCfg = Release|Any CPU
		{AD185E40-0431-4C99-BB89-18D48C9798DC}.Release|x64.Build.0 = Release|Any CPU
		{AD185E40-0431-4C99-BB89-18D48C9798DC}.Release|x86.ActiveCfg = Release|Any CPU
		{AD185E40-0431-4C99-BB89-18D48C9798DC}.Release|x86.Build.0 = Release|Any CPU
		{D8EF5801-AA5E-43D2-A19D-568D56D23F8D}.Debug|Any CPU.ActiveCfg = Debug|x64
		{D8EF5801-AA5E-43D2-A19D-568D56D23F8D}.Debug|Any CPU.Build.0 = Debug|x64
		{D8EF5801-AA5E-43D2-A19D-568D56D23F8D}.Debug|x64.ActiveCfg = Debug|Any CPU
		{D8EF5801-AA5E-43D2-A19D-568D56D23F8D}.Debug|x64.Build.0 = Debug|Any CPU
		{D8EF5801-AA5E-43D2-A19D-568D56D23F8D}.Debug|x86.ActiveCfg = Debug|Any CPU
		{D8EF5801-AA5E-43D2-A19D-568D56D23F8D}.Debug|x86.Build.0 = Debug|Any CPU
		{D8EF5801-AA5E-43D2-A19D-568D56D23F8D}.Debug-Vsix|Any CPU.ActiveCfg = Debug|x64
		{D8EF5801-AA5E-43D2-A19D-568D56D23F8D}.Debug-Vsix|Any CPU.Build.0 = Debug|x64
		{D8EF5801-AA5E-43D2-A19D-568D56D23F8D}.Debug-Vsix|x64.ActiveCfg = Debug|Any CPU
		{D8EF5801-AA5E-43D2-A19D-568D56D23F8D}.Debug-Vsix|x64.Build.0 = Debug|Any CPU
		{D8EF5801-AA5E-43D2-A19D-568D56D23F8D}.Debug-Vsix|x86.ActiveCfg = Debug|Any CPU
		{D8EF5801-AA5E-43D2-A19D-568D56D23F8D}.Debug-Vsix|x86.Build.0 = Debug|Any CPU
		{D8EF5801-AA5E-43D2-A19D-568D56D23F8D}.Release|Any CPU.ActiveCfg = Release|x64
		{D8EF5801-AA5E-43D2-A19D-568D56D23F8D}.Release|Any CPU.Build.0 = Release|x64
		{D8EF5801-AA5E-43D2-A19D-568D56D23F8D}.Release|x64.ActiveCfg = Release|Any CPU
		{D8EF5801-AA5E-43D2-A19D-568D56D23F8D}.Release|x64.Build.0 = Release|Any CPU
		{D8EF5801-AA5E-43D2-A19D-568D56D23F8D}.Release|x86.ActiveCfg = Release|Any CPU
		{D8EF5801-AA5E-43D2-A19D-568D56D23F8D}.Release|x86.Build.0 = Release|Any CPU
		{245CE37C-F63C-42D8-9074-A7528A71C2EF}.Debug|Any CPU.ActiveCfg = Debug|Any CPU
		{245CE37C-F63C-42D8-9074-A7528A71C2EF}.Debug|Any CPU.Build.0 = Debug|Any CPU
		{245CE37C-F63C-42D8-9074-A7528A71C2EF}.Debug|x64.ActiveCfg = Debug|Any CPU
		{245CE37C-F63C-42D8-9074-A7528A71C2EF}.Debug|x64.Build.0 = Debug|Any CPU
		{245CE37C-F63C-42D8-9074-A7528A71C2EF}.Debug|x86.ActiveCfg = Debug|Any CPU
		{245CE37C-F63C-42D8-9074-A7528A71C2EF}.Debug|x86.Build.0 = Debug|Any CPU
		{245CE37C-F63C-42D8-9074-A7528A71C2EF}.Debug-Vsix|Any CPU.ActiveCfg = Debug-Vsix|Any CPU
		{245CE37C-F63C-42D8-9074-A7528A71C2EF}.Debug-Vsix|Any CPU.Build.0 = Debug-Vsix|Any CPU
		{245CE37C-F63C-42D8-9074-A7528A71C2EF}.Debug-Vsix|x64.ActiveCfg = Debug-Vsix|Any CPU
		{245CE37C-F63C-42D8-9074-A7528A71C2EF}.Debug-Vsix|x64.Build.0 = Debug-Vsix|Any CPU
		{245CE37C-F63C-42D8-9074-A7528A71C2EF}.Debug-Vsix|x86.ActiveCfg = Debug-Vsix|Any CPU
		{245CE37C-F63C-42D8-9074-A7528A71C2EF}.Debug-Vsix|x86.Build.0 = Debug-Vsix|Any CPU
		{245CE37C-F63C-42D8-9074-A7528A71C2EF}.Release|Any CPU.ActiveCfg = Release|Any CPU
		{245CE37C-F63C-42D8-9074-A7528A71C2EF}.Release|Any CPU.Build.0 = Release|Any CPU
		{245CE37C-F63C-42D8-9074-A7528A71C2EF}.Release|x64.ActiveCfg = Release|Any CPU
		{245CE37C-F63C-42D8-9074-A7528A71C2EF}.Release|x64.Build.0 = Release|Any CPU
		{245CE37C-F63C-42D8-9074-A7528A71C2EF}.Release|x86.ActiveCfg = Release|Any CPU
		{245CE37C-F63C-42D8-9074-A7528A71C2EF}.Release|x86.Build.0 = Release|Any CPU
		{A3370785-B451-46A6-A987-1D2E33670DED}.Debug|Any CPU.ActiveCfg = Debug|Any CPU
		{A3370785-B451-46A6-A987-1D2E33670DED}.Debug|Any CPU.Build.0 = Debug|Any CPU
		{A3370785-B451-46A6-A987-1D2E33670DED}.Debug|x64.ActiveCfg = Debug|Any CPU
		{A3370785-B451-46A6-A987-1D2E33670DED}.Debug|x64.Build.0 = Debug|Any CPU
		{A3370785-B451-46A6-A987-1D2E33670DED}.Debug|x86.ActiveCfg = Debug|Any CPU
		{A3370785-B451-46A6-A987-1D2E33670DED}.Debug|x86.Build.0 = Debug|Any CPU
		{A3370785-B451-46A6-A987-1D2E33670DED}.Debug-Vsix|Any CPU.ActiveCfg = Debug-Vsix|Any CPU
		{A3370785-B451-46A6-A987-1D2E33670DED}.Debug-Vsix|Any CPU.Build.0 = Debug-Vsix|Any CPU
		{A3370785-B451-46A6-A987-1D2E33670DED}.Debug-Vsix|x64.ActiveCfg = Debug-Vsix|Any CPU
		{A3370785-B451-46A6-A987-1D2E33670DED}.Debug-Vsix|x64.Build.0 = Debug-Vsix|Any CPU
		{A3370785-B451-46A6-A987-1D2E33670DED}.Debug-Vsix|x86.ActiveCfg = Debug-Vsix|Any CPU
		{A3370785-B451-46A6-A987-1D2E33670DED}.Debug-Vsix|x86.Build.0 = Debug-Vsix|Any CPU
		{A3370785-B451-46A6-A987-1D2E33670DED}.Release|Any CPU.ActiveCfg = Release|Any CPU
		{A3370785-B451-46A6-A987-1D2E33670DED}.Release|Any CPU.Build.0 = Release|Any CPU
		{A3370785-B451-46A6-A987-1D2E33670DED}.Release|x64.ActiveCfg = Release|Any CPU
		{A3370785-B451-46A6-A987-1D2E33670DED}.Release|x64.Build.0 = Release|Any CPU
		{A3370785-B451-46A6-A987-1D2E33670DED}.Release|x86.ActiveCfg = Release|Any CPU
		{A3370785-B451-46A6-A987-1D2E33670DED}.Release|x86.Build.0 = Release|Any CPU
		{BF7F5D01-A042-403A-957C-B7E07668A6C3}.Debug|Any CPU.ActiveCfg = Debug|Any CPU
		{BF7F5D01-A042-403A-957C-B7E07668A6C3}.Debug|Any CPU.Build.0 = Debug|Any CPU
		{BF7F5D01-A042-403A-957C-B7E07668A6C3}.Debug|x64.ActiveCfg = Debug|Any CPU
		{BF7F5D01-A042-403A-957C-B7E07668A6C3}.Debug|x64.Build.0 = Debug|Any CPU
		{BF7F5D01-A042-403A-957C-B7E07668A6C3}.Debug|x86.ActiveCfg = Debug|Any CPU
		{BF7F5D01-A042-403A-957C-B7E07668A6C3}.Debug|x86.Build.0 = Debug|Any CPU
		{BF7F5D01-A042-403A-957C-B7E07668A6C3}.Debug-Vsix|Any CPU.ActiveCfg = Debug|Any CPU
		{BF7F5D01-A042-403A-957C-B7E07668A6C3}.Debug-Vsix|Any CPU.Build.0 = Debug|Any CPU
		{BF7F5D01-A042-403A-957C-B7E07668A6C3}.Debug-Vsix|x64.ActiveCfg = Debug|Any CPU
		{BF7F5D01-A042-403A-957C-B7E07668A6C3}.Debug-Vsix|x64.Build.0 = Debug|Any CPU
		{BF7F5D01-A042-403A-957C-B7E07668A6C3}.Debug-Vsix|x86.ActiveCfg = Debug|Any CPU
		{BF7F5D01-A042-403A-957C-B7E07668A6C3}.Debug-Vsix|x86.Build.0 = Debug|Any CPU
		{BF7F5D01-A042-403A-957C-B7E07668A6C3}.Release|Any CPU.ActiveCfg = Release|Any CPU
		{BF7F5D01-A042-403A-957C-B7E07668A6C3}.Release|Any CPU.Build.0 = Release|Any CPU
		{BF7F5D01-A042-403A-957C-B7E07668A6C3}.Release|x64.ActiveCfg = Release|Any CPU
		{BF7F5D01-A042-403A-957C-B7E07668A6C3}.Release|x64.Build.0 = Release|Any CPU
		{BF7F5D01-A042-403A-957C-B7E07668A6C3}.Release|x86.ActiveCfg = Release|Any CPU
		{BF7F5D01-A042-403A-957C-B7E07668A6C3}.Release|x86.Build.0 = Release|Any CPU
		{9CA1393E-997A-4C43-ACDB-6A18CB1BBE92}.Debug|Any CPU.ActiveCfg = Debug|Any CPU
		{9CA1393E-997A-4C43-ACDB-6A18CB1BBE92}.Debug|Any CPU.Build.0 = Debug|Any CPU
		{9CA1393E-997A-4C43-ACDB-6A18CB1BBE92}.Debug|x64.ActiveCfg = Debug|Any CPU
		{9CA1393E-997A-4C43-ACDB-6A18CB1BBE92}.Debug|x64.Build.0 = Debug|Any CPU
		{9CA1393E-997A-4C43-ACDB-6A18CB1BBE92}.Debug|x86.ActiveCfg = Debug|Any CPU
		{9CA1393E-997A-4C43-ACDB-6A18CB1BBE92}.Debug|x86.Build.0 = Debug|Any CPU
		{9CA1393E-997A-4C43-ACDB-6A18CB1BBE92}.Debug-Vsix|Any CPU.ActiveCfg = Debug|Any CPU
		{9CA1393E-997A-4C43-ACDB-6A18CB1BBE92}.Debug-Vsix|Any CPU.Build.0 = Debug|Any CPU
		{9CA1393E-997A-4C43-ACDB-6A18CB1BBE92}.Debug-Vsix|x64.ActiveCfg = Debug|Any CPU
		{9CA1393E-997A-4C43-ACDB-6A18CB1BBE92}.Debug-Vsix|x64.Build.0 = Debug|Any CPU
		{9CA1393E-997A-4C43-ACDB-6A18CB1BBE92}.Debug-Vsix|x86.ActiveCfg = Debug|Any CPU
		{9CA1393E-997A-4C43-ACDB-6A18CB1BBE92}.Debug-Vsix|x86.Build.0 = Debug|Any CPU
		{9CA1393E-997A-4C43-ACDB-6A18CB1BBE92}.Release|Any CPU.ActiveCfg = Release|Any CPU
		{9CA1393E-997A-4C43-ACDB-6A18CB1BBE92}.Release|Any CPU.Build.0 = Release|Any CPU
		{9CA1393E-997A-4C43-ACDB-6A18CB1BBE92}.Release|x64.ActiveCfg = Release|Any CPU
		{9CA1393E-997A-4C43-ACDB-6A18CB1BBE92}.Release|x64.Build.0 = Release|Any CPU
		{9CA1393E-997A-4C43-ACDB-6A18CB1BBE92}.Release|x86.ActiveCfg = Release|Any CPU
		{9CA1393E-997A-4C43-ACDB-6A18CB1BBE92}.Release|x86.Build.0 = Release|Any CPU
		{91B6272F-5780-4C94-8071-DBBA7B4F67F3}.Debug|Any CPU.ActiveCfg = Debug|x64
		{91B6272F-5780-4C94-8071-DBBA7B4F67F3}.Debug|Any CPU.Build.0 = Debug|x64
		{91B6272F-5780-4C94-8071-DBBA7B4F67F3}.Debug|x64.ActiveCfg = Debug|x64
		{91B6272F-5780-4C94-8071-DBBA7B4F67F3}.Debug|x64.Build.0 = Debug|x64
		{91B6272F-5780-4C94-8071-DBBA7B4F67F3}.Debug|x86.ActiveCfg = Debug|Win32
		{91B6272F-5780-4C94-8071-DBBA7B4F67F3}.Debug|x86.Build.0 = Debug|Win32
		{91B6272F-5780-4C94-8071-DBBA7B4F67F3}.Debug-Vsix|Any CPU.ActiveCfg = Release|x64
		{91B6272F-5780-4C94-8071-DBBA7B4F67F3}.Debug-Vsix|Any CPU.Build.0 = Release|x64
		{91B6272F-5780-4C94-8071-DBBA7B4F67F3}.Debug-Vsix|x64.ActiveCfg = Debug|x64
		{91B6272F-5780-4C94-8071-DBBA7B4F67F3}.Debug-Vsix|x64.Build.0 = Debug|x64
		{91B6272F-5780-4C94-8071-DBBA7B4F67F3}.Debug-Vsix|x86.ActiveCfg = Debug|Win32
		{91B6272F-5780-4C94-8071-DBBA7B4F67F3}.Debug-Vsix|x86.Build.0 = Debug|Win32
		{91B6272F-5780-4C94-8071-DBBA7B4F67F3}.Release|Any CPU.ActiveCfg = Release|x64
		{91B6272F-5780-4C94-8071-DBBA7B4F67F3}.Release|Any CPU.Build.0 = Release|x64
		{91B6272F-5780-4C94-8071-DBBA7B4F67F3}.Release|x64.ActiveCfg = Release|x64
		{91B6272F-5780-4C94-8071-DBBA7B4F67F3}.Release|x64.Build.0 = Release|x64
		{91B6272F-5780-4C94-8071-DBBA7B4F67F3}.Release|x86.ActiveCfg = Release|Win32
		{91B6272F-5780-4C94-8071-DBBA7B4F67F3}.Release|x86.Build.0 = Release|Win32
		{BE446E9B-B2AB-4346-BD38-D6AB189E8CE4}.Debug|Any CPU.ActiveCfg = Debug|Any CPU
		{BE446E9B-B2AB-4346-BD38-D6AB189E8CE4}.Debug|Any CPU.Build.0 = Debug|Any CPU
		{BE446E9B-B2AB-4346-BD38-D6AB189E8CE4}.Debug|x64.ActiveCfg = Debug|Any CPU
		{BE446E9B-B2AB-4346-BD38-D6AB189E8CE4}.Debug|x64.Build.0 = Debug|Any CPU
		{BE446E9B-B2AB-4346-BD38-D6AB189E8CE4}.Debug|x86.ActiveCfg = Debug|Any CPU
		{BE446E9B-B2AB-4346-BD38-D6AB189E8CE4}.Debug|x86.Build.0 = Debug|Any CPU
		{BE446E9B-B2AB-4346-BD38-D6AB189E8CE4}.Debug-Vsix|Any CPU.ActiveCfg = Debug|Any CPU
		{BE446E9B-B2AB-4346-BD38-D6AB189E8CE4}.Debug-Vsix|Any CPU.Build.0 = Debug|Any CPU
		{BE446E9B-B2AB-4346-BD38-D6AB189E8CE4}.Debug-Vsix|x64.ActiveCfg = Debug|Any CPU
		{BE446E9B-B2AB-4346-BD38-D6AB189E8CE4}.Debug-Vsix|x64.Build.0 = Debug|Any CPU
		{BE446E9B-B2AB-4346-BD38-D6AB189E8CE4}.Debug-Vsix|x86.ActiveCfg = Debug|Any CPU
		{BE446E9B-B2AB-4346-BD38-D6AB189E8CE4}.Debug-Vsix|x86.Build.0 = Debug|Any CPU
		{BE446E9B-B2AB-4346-BD38-D6AB189E8CE4}.Release|Any CPU.ActiveCfg = Release|Any CPU
		{BE446E9B-B2AB-4346-BD38-D6AB189E8CE4}.Release|Any CPU.Build.0 = Release|Any CPU
		{BE446E9B-B2AB-4346-BD38-D6AB189E8CE4}.Release|x64.ActiveCfg = Release|Any CPU
		{BE446E9B-B2AB-4346-BD38-D6AB189E8CE4}.Release|x64.Build.0 = Release|Any CPU
		{BE446E9B-B2AB-4346-BD38-D6AB189E8CE4}.Release|x86.ActiveCfg = Release|Any CPU
		{BE446E9B-B2AB-4346-BD38-D6AB189E8CE4}.Release|x86.Build.0 = Release|Any CPU
		{73E28B1D-A1A8-491D-84AC-B3564FF607E1}.Debug|Any CPU.ActiveCfg = Debug|Any CPU
		{73E28B1D-A1A8-491D-84AC-B3564FF607E1}.Debug|Any CPU.Build.0 = Debug|Any CPU
		{73E28B1D-A1A8-491D-84AC-B3564FF607E1}.Debug|x64.ActiveCfg = Debug|Any CPU
		{73E28B1D-A1A8-491D-84AC-B3564FF607E1}.Debug|x64.Build.0 = Debug|Any CPU
		{73E28B1D-A1A8-491D-84AC-B3564FF607E1}.Debug|x86.ActiveCfg = Debug|Any CPU
		{73E28B1D-A1A8-491D-84AC-B3564FF607E1}.Debug|x86.Build.0 = Debug|Any CPU
		{73E28B1D-A1A8-491D-84AC-B3564FF607E1}.Debug-Vsix|Any CPU.ActiveCfg = Debug|Any CPU
		{73E28B1D-A1A8-491D-84AC-B3564FF607E1}.Debug-Vsix|Any CPU.Build.0 = Debug|Any CPU
		{73E28B1D-A1A8-491D-84AC-B3564FF607E1}.Debug-Vsix|x64.ActiveCfg = Debug|Any CPU
		{73E28B1D-A1A8-491D-84AC-B3564FF607E1}.Debug-Vsix|x64.Build.0 = Debug|Any CPU
		{73E28B1D-A1A8-491D-84AC-B3564FF607E1}.Debug-Vsix|x86.ActiveCfg = Debug|Any CPU
		{73E28B1D-A1A8-491D-84AC-B3564FF607E1}.Debug-Vsix|x86.Build.0 = Debug|Any CPU
		{73E28B1D-A1A8-491D-84AC-B3564FF607E1}.Release|Any CPU.ActiveCfg = Release|Any CPU
		{73E28B1D-A1A8-491D-84AC-B3564FF607E1}.Release|Any CPU.Build.0 = Release|Any CPU
		{73E28B1D-A1A8-491D-84AC-B3564FF607E1}.Release|x64.ActiveCfg = Release|Any CPU
		{73E28B1D-A1A8-491D-84AC-B3564FF607E1}.Release|x64.Build.0 = Release|Any CPU
		{73E28B1D-A1A8-491D-84AC-B3564FF607E1}.Release|x86.ActiveCfg = Release|Any CPU
		{73E28B1D-A1A8-491D-84AC-B3564FF607E1}.Release|x86.Build.0 = Release|Any CPU
		{7724CEA2-C6A7-4C24-B734-1E307DD59093}.Debug|Any CPU.ActiveCfg = Debug|x64
		{7724CEA2-C6A7-4C24-B734-1E307DD59093}.Debug|Any CPU.Build.0 = Debug|x64
		{7724CEA2-C6A7-4C24-B734-1E307DD59093}.Debug|x64.ActiveCfg = Debug|Any CPU
		{7724CEA2-C6A7-4C24-B734-1E307DD59093}.Debug|x64.Build.0 = Debug|Any CPU
		{7724CEA2-C6A7-4C24-B734-1E307DD59093}.Debug|x86.ActiveCfg = Debug|Any CPU
		{7724CEA2-C6A7-4C24-B734-1E307DD59093}.Debug|x86.Build.0 = Debug|Any CPU
		{7724CEA2-C6A7-4C24-B734-1E307DD59093}.Debug-Vsix|Any CPU.ActiveCfg = Debug|x64
		{7724CEA2-C6A7-4C24-B734-1E307DD59093}.Debug-Vsix|Any CPU.Build.0 = Debug|x64
		{7724CEA2-C6A7-4C24-B734-1E307DD59093}.Debug-Vsix|x64.ActiveCfg = Debug|Any CPU
		{7724CEA2-C6A7-4C24-B734-1E307DD59093}.Debug-Vsix|x64.Build.0 = Debug|Any CPU
		{7724CEA2-C6A7-4C24-B734-1E307DD59093}.Debug-Vsix|x86.ActiveCfg = Debug|Any CPU
		{7724CEA2-C6A7-4C24-B734-1E307DD59093}.Debug-Vsix|x86.Build.0 = Debug|Any CPU
		{7724CEA2-C6A7-4C24-B734-1E307DD59093}.Release|Any CPU.ActiveCfg = Release|x64
		{7724CEA2-C6A7-4C24-B734-1E307DD59093}.Release|Any CPU.Build.0 = Release|x64
		{7724CEA2-C6A7-4C24-B734-1E307DD59093}.Release|x64.ActiveCfg = Release|Any CPU
		{7724CEA2-C6A7-4C24-B734-1E307DD59093}.Release|x64.Build.0 = Release|Any CPU
		{7724CEA2-C6A7-4C24-B734-1E307DD59093}.Release|x86.ActiveCfg = Release|Any CPU
		{7724CEA2-C6A7-4C24-B734-1E307DD59093}.Release|x86.Build.0 = Release|Any CPU
		{B77F9A80-8737-40B7-A523-6916CA50C3DF}.Debug|Any CPU.ActiveCfg = Debug|Any CPU
		{B77F9A80-8737-40B7-A523-6916CA50C3DF}.Debug|Any CPU.Build.0 = Debug|Any CPU
		{B77F9A80-8737-40B7-A523-6916CA50C3DF}.Debug|x64.ActiveCfg = Debug|Any CPU
		{B77F9A80-8737-40B7-A523-6916CA50C3DF}.Debug|x64.Build.0 = Debug|Any CPU
		{B77F9A80-8737-40B7-A523-6916CA50C3DF}.Debug|x86.ActiveCfg = Debug|Any CPU
		{B77F9A80-8737-40B7-A523-6916CA50C3DF}.Debug|x86.Build.0 = Debug|Any CPU
		{B77F9A80-8737-40B7-A523-6916CA50C3DF}.Debug-Vsix|Any CPU.ActiveCfg = Debug|Any CPU
		{B77F9A80-8737-40B7-A523-6916CA50C3DF}.Debug-Vsix|Any CPU.Build.0 = Debug|Any CPU
		{B77F9A80-8737-40B7-A523-6916CA50C3DF}.Debug-Vsix|x64.ActiveCfg = Debug|Any CPU
		{B77F9A80-8737-40B7-A523-6916CA50C3DF}.Debug-Vsix|x64.Build.0 = Debug|Any CPU
		{B77F9A80-8737-40B7-A523-6916CA50C3DF}.Debug-Vsix|x86.ActiveCfg = Debug|Any CPU
		{B77F9A80-8737-40B7-A523-6916CA50C3DF}.Debug-Vsix|x86.Build.0 = Debug|Any CPU
		{B77F9A80-8737-40B7-A523-6916CA50C3DF}.Release|Any CPU.ActiveCfg = Release|Any CPU
		{B77F9A80-8737-40B7-A523-6916CA50C3DF}.Release|Any CPU.Build.0 = Release|Any CPU
		{B77F9A80-8737-40B7-A523-6916CA50C3DF}.Release|x64.ActiveCfg = Release|Any CPU
		{B77F9A80-8737-40B7-A523-6916CA50C3DF}.Release|x64.Build.0 = Release|Any CPU
		{B77F9A80-8737-40B7-A523-6916CA50C3DF}.Release|x86.ActiveCfg = Release|Any CPU
		{B77F9A80-8737-40B7-A523-6916CA50C3DF}.Release|x86.Build.0 = Release|Any CPU
		{7C89F0C0-2454-434B-A27A-6F85C7AFCBA2}.Debug|Any CPU.ActiveCfg = Debug|Any CPU
		{7C89F0C0-2454-434B-A27A-6F85C7AFCBA2}.Debug|Any CPU.Build.0 = Debug|Any CPU
		{7C89F0C0-2454-434B-A27A-6F85C7AFCBA2}.Debug|x64.ActiveCfg = Debug|Any CPU
		{7C89F0C0-2454-434B-A27A-6F85C7AFCBA2}.Debug|x64.Build.0 = Debug|Any CPU
		{7C89F0C0-2454-434B-A27A-6F85C7AFCBA2}.Debug|x86.ActiveCfg = Debug|Any CPU
		{7C89F0C0-2454-434B-A27A-6F85C7AFCBA2}.Debug|x86.Build.0 = Debug|Any CPU
		{7C89F0C0-2454-434B-A27A-6F85C7AFCBA2}.Debug-Vsix|Any CPU.ActiveCfg = Debug|Any CPU
		{7C89F0C0-2454-434B-A27A-6F85C7AFCBA2}.Debug-Vsix|Any CPU.Build.0 = Debug|Any CPU
		{7C89F0C0-2454-434B-A27A-6F85C7AFCBA2}.Debug-Vsix|x64.ActiveCfg = Debug|Any CPU
		{7C89F0C0-2454-434B-A27A-6F85C7AFCBA2}.Debug-Vsix|x64.Build.0 = Debug|Any CPU
		{7C89F0C0-2454-434B-A27A-6F85C7AFCBA2}.Debug-Vsix|x86.ActiveCfg = Debug|Any CPU
		{7C89F0C0-2454-434B-A27A-6F85C7AFCBA2}.Debug-Vsix|x86.Build.0 = Debug|Any CPU
		{7C89F0C0-2454-434B-A27A-6F85C7AFCBA2}.Release|Any CPU.ActiveCfg = Release|Any CPU
		{7C89F0C0-2454-434B-A27A-6F85C7AFCBA2}.Release|Any CPU.Build.0 = Release|Any CPU
		{7C89F0C0-2454-434B-A27A-6F85C7AFCBA2}.Release|x64.ActiveCfg = Release|Any CPU
		{7C89F0C0-2454-434B-A27A-6F85C7AFCBA2}.Release|x64.Build.0 = Release|Any CPU
		{7C89F0C0-2454-434B-A27A-6F85C7AFCBA2}.Release|x86.ActiveCfg = Release|Any CPU
		{7C89F0C0-2454-434B-A27A-6F85C7AFCBA2}.Release|x86.Build.0 = Release|Any CPU
		{6ACA6D9A-05DC-4F4E-85E2-DDC291E51ECE}.Debug|Any CPU.ActiveCfg = Debug|Any CPU
		{6ACA6D9A-05DC-4F4E-85E2-DDC291E51ECE}.Debug|Any CPU.Build.0 = Debug|Any CPU
		{6ACA6D9A-05DC-4F4E-85E2-DDC291E51ECE}.Debug|x64.ActiveCfg = Debug|Any CPU
		{6ACA6D9A-05DC-4F4E-85E2-DDC291E51ECE}.Debug|x64.Build.0 = Debug|Any CPU
		{6ACA6D9A-05DC-4F4E-85E2-DDC291E51ECE}.Debug|x86.ActiveCfg = Debug|Any CPU
		{6ACA6D9A-05DC-4F4E-85E2-DDC291E51ECE}.Debug|x86.Build.0 = Debug|Any CPU
		{6ACA6D9A-05DC-4F4E-85E2-DDC291E51ECE}.Debug-Vsix|Any CPU.ActiveCfg = Debug|Any CPU
		{6ACA6D9A-05DC-4F4E-85E2-DDC291E51ECE}.Debug-Vsix|Any CPU.Build.0 = Debug|Any CPU
		{6ACA6D9A-05DC-4F4E-85E2-DDC291E51ECE}.Debug-Vsix|x64.ActiveCfg = Debug|Any CPU
		{6ACA6D9A-05DC-4F4E-85E2-DDC291E51ECE}.Debug-Vsix|x64.Build.0 = Debug|Any CPU
		{6ACA6D9A-05DC-4F4E-85E2-DDC291E51ECE}.Debug-Vsix|x86.ActiveCfg = Debug|Any CPU
		{6ACA6D9A-05DC-4F4E-85E2-DDC291E51ECE}.Debug-Vsix|x86.Build.0 = Debug|Any CPU
		{6ACA6D9A-05DC-4F4E-85E2-DDC291E51ECE}.Release|Any CPU.ActiveCfg = Release|Any CPU
		{6ACA6D9A-05DC-4F4E-85E2-DDC291E51ECE}.Release|Any CPU.Build.0 = Release|Any CPU
		{6ACA6D9A-05DC-4F4E-85E2-DDC291E51ECE}.Release|x64.ActiveCfg = Release|Any CPU
		{6ACA6D9A-05DC-4F4E-85E2-DDC291E51ECE}.Release|x64.Build.0 = Release|Any CPU
		{6ACA6D9A-05DC-4F4E-85E2-DDC291E51ECE}.Release|x86.ActiveCfg = Release|Any CPU
		{6ACA6D9A-05DC-4F4E-85E2-DDC291E51ECE}.Release|x86.Build.0 = Release|Any CPU
		{6B539A68-E28C-47F9-AE60-758185B3589C}.Debug|Any CPU.ActiveCfg = Debug|Any CPU
		{6B539A68-E28C-47F9-AE60-758185B3589C}.Debug|Any CPU.Build.0 = Debug|Any CPU
		{6B539A68-E28C-47F9-AE60-758185B3589C}.Debug|x64.ActiveCfg = Debug|Any CPU
		{6B539A68-E28C-47F9-AE60-758185B3589C}.Debug|x64.Build.0 = Debug|Any CPU
		{6B539A68-E28C-47F9-AE60-758185B3589C}.Debug|x86.ActiveCfg = Debug|Any CPU
		{6B539A68-E28C-47F9-AE60-758185B3589C}.Debug|x86.Build.0 = Debug|Any CPU
		{6B539A68-E28C-47F9-AE60-758185B3589C}.Debug-Vsix|Any CPU.ActiveCfg = Debug|Any CPU
		{6B539A68-E28C-47F9-AE60-758185B3589C}.Debug-Vsix|Any CPU.Build.0 = Debug|Any CPU
		{6B539A68-E28C-47F9-AE60-758185B3589C}.Debug-Vsix|x64.ActiveCfg = Debug|Any CPU
		{6B539A68-E28C-47F9-AE60-758185B3589C}.Debug-Vsix|x64.Build.0 = Debug|Any CPU
		{6B539A68-E28C-47F9-AE60-758185B3589C}.Debug-Vsix|x86.ActiveCfg = Debug|Any CPU
		{6B539A68-E28C-47F9-AE60-758185B3589C}.Debug-Vsix|x86.Build.0 = Debug|Any CPU
		{6B539A68-E28C-47F9-AE60-758185B3589C}.Release|Any CPU.ActiveCfg = Release|Any CPU
		{6B539A68-E28C-47F9-AE60-758185B3589C}.Release|Any CPU.Build.0 = Release|Any CPU
		{6B539A68-E28C-47F9-AE60-758185B3589C}.Release|x64.ActiveCfg = Release|Any CPU
		{6B539A68-E28C-47F9-AE60-758185B3589C}.Release|x64.Build.0 = Release|Any CPU
		{6B539A68-E28C-47F9-AE60-758185B3589C}.Release|x86.ActiveCfg = Release|Any CPU
		{6B539A68-E28C-47F9-AE60-758185B3589C}.Release|x86.Build.0 = Release|Any CPU
		{85D37C09-55DB-4826-A82C-00306E7F7FFD}.Debug|Any CPU.ActiveCfg = Debug|Any CPU
		{85D37C09-55DB-4826-A82C-00306E7F7FFD}.Debug|Any CPU.Build.0 = Debug|Any CPU
		{85D37C09-55DB-4826-A82C-00306E7F7FFD}.Debug|x64.ActiveCfg = Debug|Any CPU
		{85D37C09-55DB-4826-A82C-00306E7F7FFD}.Debug|x64.Build.0 = Debug|Any CPU
		{85D37C09-55DB-4826-A82C-00306E7F7FFD}.Debug|x86.ActiveCfg = Debug|Any CPU
		{85D37C09-55DB-4826-A82C-00306E7F7FFD}.Debug|x86.Build.0 = Debug|Any CPU
		{85D37C09-55DB-4826-A82C-00306E7F7FFD}.Debug-Vsix|Any CPU.ActiveCfg = Debug|Any CPU
		{85D37C09-55DB-4826-A82C-00306E7F7FFD}.Debug-Vsix|Any CPU.Build.0 = Debug|Any CPU
		{85D37C09-55DB-4826-A82C-00306E7F7FFD}.Debug-Vsix|x64.ActiveCfg = Debug|Any CPU
		{85D37C09-55DB-4826-A82C-00306E7F7FFD}.Debug-Vsix|x64.Build.0 = Debug|Any CPU
		{85D37C09-55DB-4826-A82C-00306E7F7FFD}.Debug-Vsix|x86.ActiveCfg = Debug|Any CPU
		{85D37C09-55DB-4826-A82C-00306E7F7FFD}.Debug-Vsix|x86.Build.0 = Debug|Any CPU
		{85D37C09-55DB-4826-A82C-00306E7F7FFD}.Release|Any CPU.ActiveCfg = Release|Any CPU
		{85D37C09-55DB-4826-A82C-00306E7F7FFD}.Release|Any CPU.Build.0 = Release|Any CPU
		{85D37C09-55DB-4826-A82C-00306E7F7FFD}.Release|x64.ActiveCfg = Release|Any CPU
		{85D37C09-55DB-4826-A82C-00306E7F7FFD}.Release|x64.Build.0 = Release|Any CPU
		{85D37C09-55DB-4826-A82C-00306E7F7FFD}.Release|x86.ActiveCfg = Release|Any CPU
		{85D37C09-55DB-4826-A82C-00306E7F7FFD}.Release|x86.Build.0 = Release|Any CPU
		{4CB3E2A1-CBB9-40B5-A8E5-5E5BE0A43440}.Debug|Any CPU.ActiveCfg = Debug|Any CPU
		{4CB3E2A1-CBB9-40B5-A8E5-5E5BE0A43440}.Debug|Any CPU.Build.0 = Debug|Any CPU
		{4CB3E2A1-CBB9-40B5-A8E5-5E5BE0A43440}.Debug|x64.ActiveCfg = Debug|Any CPU
		{4CB3E2A1-CBB9-40B5-A8E5-5E5BE0A43440}.Debug|x64.Build.0 = Debug|Any CPU
		{4CB3E2A1-CBB9-40B5-A8E5-5E5BE0A43440}.Debug|x86.ActiveCfg = Debug|Any CPU
		{4CB3E2A1-CBB9-40B5-A8E5-5E5BE0A43440}.Debug|x86.Build.0 = Debug|Any CPU
		{4CB3E2A1-CBB9-40B5-A8E5-5E5BE0A43440}.Debug-Vsix|Any CPU.ActiveCfg = Debug|Any CPU
		{4CB3E2A1-CBB9-40B5-A8E5-5E5BE0A43440}.Debug-Vsix|Any CPU.Build.0 = Debug|Any CPU
		{4CB3E2A1-CBB9-40B5-A8E5-5E5BE0A43440}.Debug-Vsix|x64.ActiveCfg = Debug|Any CPU
		{4CB3E2A1-CBB9-40B5-A8E5-5E5BE0A43440}.Debug-Vsix|x64.Build.0 = Debug|Any CPU
		{4CB3E2A1-CBB9-40B5-A8E5-5E5BE0A43440}.Debug-Vsix|x86.ActiveCfg = Debug|Any CPU
		{4CB3E2A1-CBB9-40B5-A8E5-5E5BE0A43440}.Debug-Vsix|x86.Build.0 = Debug|Any CPU
		{4CB3E2A1-CBB9-40B5-A8E5-5E5BE0A43440}.Release|Any CPU.ActiveCfg = Release|Any CPU
		{4CB3E2A1-CBB9-40B5-A8E5-5E5BE0A43440}.Release|Any CPU.Build.0 = Release|Any CPU
		{4CB3E2A1-CBB9-40B5-A8E5-5E5BE0A43440}.Release|x64.ActiveCfg = Release|Any CPU
		{4CB3E2A1-CBB9-40B5-A8E5-5E5BE0A43440}.Release|x64.Build.0 = Release|Any CPU
		{4CB3E2A1-CBB9-40B5-A8E5-5E5BE0A43440}.Release|x86.ActiveCfg = Release|Any CPU
		{4CB3E2A1-CBB9-40B5-A8E5-5E5BE0A43440}.Release|x86.Build.0 = Release|Any CPU
		{956D5368-42DC-4449-BE26-3114A0FFA26A}.Debug|Any CPU.ActiveCfg = Debug|Any CPU
		{956D5368-42DC-4449-BE26-3114A0FFA26A}.Debug|Any CPU.Build.0 = Debug|Any CPU
		{956D5368-42DC-4449-BE26-3114A0FFA26A}.Debug|x64.ActiveCfg = Debug|Any CPU
		{956D5368-42DC-4449-BE26-3114A0FFA26A}.Debug|x64.Build.0 = Debug|Any CPU
		{956D5368-42DC-4449-BE26-3114A0FFA26A}.Debug|x86.ActiveCfg = Debug|Any CPU
		{956D5368-42DC-4449-BE26-3114A0FFA26A}.Debug|x86.Build.0 = Debug|Any CPU
		{956D5368-42DC-4449-BE26-3114A0FFA26A}.Debug-Vsix|Any CPU.ActiveCfg = Debug|Any CPU
		{956D5368-42DC-4449-BE26-3114A0FFA26A}.Debug-Vsix|Any CPU.Build.0 = Debug|Any CPU
		{956D5368-42DC-4449-BE26-3114A0FFA26A}.Debug-Vsix|x64.ActiveCfg = Debug|Any CPU
		{956D5368-42DC-4449-BE26-3114A0FFA26A}.Debug-Vsix|x64.Build.0 = Debug|Any CPU
		{956D5368-42DC-4449-BE26-3114A0FFA26A}.Debug-Vsix|x86.ActiveCfg = Debug|Any CPU
		{956D5368-42DC-4449-BE26-3114A0FFA26A}.Debug-Vsix|x86.Build.0 = Debug|Any CPU
		{956D5368-42DC-4449-BE26-3114A0FFA26A}.Release|Any CPU.ActiveCfg = Release|Any CPU
		{956D5368-42DC-4449-BE26-3114A0FFA26A}.Release|Any CPU.Build.0 = Release|Any CPU
		{956D5368-42DC-4449-BE26-3114A0FFA26A}.Release|x64.ActiveCfg = Release|Any CPU
		{956D5368-42DC-4449-BE26-3114A0FFA26A}.Release|x64.Build.0 = Release|Any CPU
		{956D5368-42DC-4449-BE26-3114A0FFA26A}.Release|x86.ActiveCfg = Release|Any CPU
		{956D5368-42DC-4449-BE26-3114A0FFA26A}.Release|x86.Build.0 = Release|Any CPU
		{92675C61-F0E7-4317-AD8F-BF40246CA3BE}.Debug|Any CPU.ActiveCfg = Debug|Any CPU
		{92675C61-F0E7-4317-AD8F-BF40246CA3BE}.Debug|Any CPU.Build.0 = Debug|Any CPU
		{92675C61-F0E7-4317-AD8F-BF40246CA3BE}.Debug|x64.ActiveCfg = Debug|Any CPU
		{92675C61-F0E7-4317-AD8F-BF40246CA3BE}.Debug|x64.Build.0 = Debug|Any CPU
		{92675C61-F0E7-4317-AD8F-BF40246CA3BE}.Debug|x86.ActiveCfg = Debug|Any CPU
		{92675C61-F0E7-4317-AD8F-BF40246CA3BE}.Debug|x86.Build.0 = Debug|Any CPU
		{92675C61-F0E7-4317-AD8F-BF40246CA3BE}.Debug-Vsix|Any CPU.ActiveCfg = Debug|Any CPU
		{92675C61-F0E7-4317-AD8F-BF40246CA3BE}.Debug-Vsix|Any CPU.Build.0 = Debug|Any CPU
		{92675C61-F0E7-4317-AD8F-BF40246CA3BE}.Debug-Vsix|x64.ActiveCfg = Debug|Any CPU
		{92675C61-F0E7-4317-AD8F-BF40246CA3BE}.Debug-Vsix|x64.Build.0 = Debug|Any CPU
		{92675C61-F0E7-4317-AD8F-BF40246CA3BE}.Debug-Vsix|x86.ActiveCfg = Debug|Any CPU
		{92675C61-F0E7-4317-AD8F-BF40246CA3BE}.Debug-Vsix|x86.Build.0 = Debug|Any CPU
		{92675C61-F0E7-4317-AD8F-BF40246CA3BE}.Release|Any CPU.ActiveCfg = Release|Any CPU
		{92675C61-F0E7-4317-AD8F-BF40246CA3BE}.Release|Any CPU.Build.0 = Release|Any CPU
		{92675C61-F0E7-4317-AD8F-BF40246CA3BE}.Release|x64.ActiveCfg = Release|Any CPU
		{92675C61-F0E7-4317-AD8F-BF40246CA3BE}.Release|x64.Build.0 = Release|Any CPU
		{92675C61-F0E7-4317-AD8F-BF40246CA3BE}.Release|x86.ActiveCfg = Release|Any CPU
		{92675C61-F0E7-4317-AD8F-BF40246CA3BE}.Release|x86.Build.0 = Release|Any CPU
		{F349EC21-2D0A-4BCF-8416-33783AC420CF}.Debug|Any CPU.ActiveCfg = Debug|Any CPU
		{F349EC21-2D0A-4BCF-8416-33783AC420CF}.Debug|Any CPU.Build.0 = Debug|Any CPU
		{F349EC21-2D0A-4BCF-8416-33783AC420CF}.Debug|x64.ActiveCfg = Debug|Any CPU
		{F349EC21-2D0A-4BCF-8416-33783AC420CF}.Debug|x64.Build.0 = Debug|Any CPU
		{F349EC21-2D0A-4BCF-8416-33783AC420CF}.Debug|x86.ActiveCfg = Debug|Any CPU
		{F349EC21-2D0A-4BCF-8416-33783AC420CF}.Debug|x86.Build.0 = Debug|Any CPU
		{F349EC21-2D0A-4BCF-8416-33783AC420CF}.Debug-Vsix|Any CPU.ActiveCfg = Debug|Any CPU
		{F349EC21-2D0A-4BCF-8416-33783AC420CF}.Debug-Vsix|Any CPU.Build.0 = Debug|Any CPU
		{F349EC21-2D0A-4BCF-8416-33783AC420CF}.Debug-Vsix|x64.ActiveCfg = Debug|Any CPU
		{F349EC21-2D0A-4BCF-8416-33783AC420CF}.Debug-Vsix|x64.Build.0 = Debug|Any CPU
		{F349EC21-2D0A-4BCF-8416-33783AC420CF}.Debug-Vsix|x86.ActiveCfg = Debug|Any CPU
		{F349EC21-2D0A-4BCF-8416-33783AC420CF}.Debug-Vsix|x86.Build.0 = Debug|Any CPU
		{F349EC21-2D0A-4BCF-8416-33783AC420CF}.Release|Any CPU.ActiveCfg = Release|Any CPU
		{F349EC21-2D0A-4BCF-8416-33783AC420CF}.Release|Any CPU.Build.0 = Release|Any CPU
		{F349EC21-2D0A-4BCF-8416-33783AC420CF}.Release|x64.ActiveCfg = Release|Any CPU
		{F349EC21-2D0A-4BCF-8416-33783AC420CF}.Release|x64.Build.0 = Release|Any CPU
		{F349EC21-2D0A-4BCF-8416-33783AC420CF}.Release|x86.ActiveCfg = Release|Any CPU
		{F349EC21-2D0A-4BCF-8416-33783AC420CF}.Release|x86.Build.0 = Release|Any CPU
		{25D47016-569C-4CB6-9CB3-B2B8243B3485}.Debug|Any CPU.ActiveCfg = Debug|Any CPU
		{25D47016-569C-4CB6-9CB3-B2B8243B3485}.Debug|Any CPU.Build.0 = Debug|Any CPU
		{25D47016-569C-4CB6-9CB3-B2B8243B3485}.Debug|x64.ActiveCfg = Debug|Any CPU
		{25D47016-569C-4CB6-9CB3-B2B8243B3485}.Debug|x64.Build.0 = Debug|Any CPU
		{25D47016-569C-4CB6-9CB3-B2B8243B3485}.Debug|x86.ActiveCfg = Debug|Any CPU
		{25D47016-569C-4CB6-9CB3-B2B8243B3485}.Debug|x86.Build.0 = Debug|Any CPU
		{25D47016-569C-4CB6-9CB3-B2B8243B3485}.Debug-Vsix|Any CPU.ActiveCfg = Debug|Any CPU
		{25D47016-569C-4CB6-9CB3-B2B8243B3485}.Debug-Vsix|Any CPU.Build.0 = Debug|Any CPU
		{25D47016-569C-4CB6-9CB3-B2B8243B3485}.Debug-Vsix|x64.ActiveCfg = Debug|Any CPU
		{25D47016-569C-4CB6-9CB3-B2B8243B3485}.Debug-Vsix|x64.Build.0 = Debug|Any CPU
		{25D47016-569C-4CB6-9CB3-B2B8243B3485}.Debug-Vsix|x86.ActiveCfg = Debug|Any CPU
		{25D47016-569C-4CB6-9CB3-B2B8243B3485}.Debug-Vsix|x86.Build.0 = Debug|Any CPU
		{25D47016-569C-4CB6-9CB3-B2B8243B3485}.Release|Any CPU.ActiveCfg = Release|Any CPU
		{25D47016-569C-4CB6-9CB3-B2B8243B3485}.Release|Any CPU.Build.0 = Release|Any CPU
		{25D47016-569C-4CB6-9CB3-B2B8243B3485}.Release|x64.ActiveCfg = Release|Any CPU
		{25D47016-569C-4CB6-9CB3-B2B8243B3485}.Release|x64.Build.0 = Release|Any CPU
		{25D47016-569C-4CB6-9CB3-B2B8243B3485}.Release|x86.ActiveCfg = Release|Any CPU
		{25D47016-569C-4CB6-9CB3-B2B8243B3485}.Release|x86.Build.0 = Release|Any CPU
		{364367F9-D5DF-4DE0-9BF5-230144E00CE9}.Debug|Any CPU.ActiveCfg = Debug|Any CPU
		{364367F9-D5DF-4DE0-9BF5-230144E00CE9}.Debug|Any CPU.Build.0 = Debug|Any CPU
		{364367F9-D5DF-4DE0-9BF5-230144E00CE9}.Debug|x64.ActiveCfg = Debug|Any CPU
		{364367F9-D5DF-4DE0-9BF5-230144E00CE9}.Debug|x64.Build.0 = Debug|Any CPU
		{364367F9-D5DF-4DE0-9BF5-230144E00CE9}.Debug|x86.ActiveCfg = Debug|Any CPU
		{364367F9-D5DF-4DE0-9BF5-230144E00CE9}.Debug|x86.Build.0 = Debug|Any CPU
		{364367F9-D5DF-4DE0-9BF5-230144E00CE9}.Debug-Vsix|Any CPU.ActiveCfg = Debug|Any CPU
		{364367F9-D5DF-4DE0-9BF5-230144E00CE9}.Debug-Vsix|Any CPU.Build.0 = Debug|Any CPU
		{364367F9-D5DF-4DE0-9BF5-230144E00CE9}.Debug-Vsix|x64.ActiveCfg = Debug|Any CPU
		{364367F9-D5DF-4DE0-9BF5-230144E00CE9}.Debug-Vsix|x64.Build.0 = Debug|Any CPU
		{364367F9-D5DF-4DE0-9BF5-230144E00CE9}.Debug-Vsix|x86.ActiveCfg = Debug|Any CPU
		{364367F9-D5DF-4DE0-9BF5-230144E00CE9}.Debug-Vsix|x86.Build.0 = Debug|Any CPU
		{364367F9-D5DF-4DE0-9BF5-230144E00CE9}.Release|Any CPU.ActiveCfg = Release|Any CPU
		{364367F9-D5DF-4DE0-9BF5-230144E00CE9}.Release|Any CPU.Build.0 = Release|Any CPU
		{364367F9-D5DF-4DE0-9BF5-230144E00CE9}.Release|x64.ActiveCfg = Release|Any CPU
		{364367F9-D5DF-4DE0-9BF5-230144E00CE9}.Release|x64.Build.0 = Release|Any CPU
		{364367F9-D5DF-4DE0-9BF5-230144E00CE9}.Release|x86.ActiveCfg = Release|Any CPU
		{364367F9-D5DF-4DE0-9BF5-230144E00CE9}.Release|x86.Build.0 = Release|Any CPU
		{9B7BAE87-1AFC-4E18-AA96-1A121CA288C4}.Debug|Any CPU.ActiveCfg = Debug|Any CPU
		{9B7BAE87-1AFC-4E18-AA96-1A121CA288C4}.Debug|Any CPU.Build.0 = Debug|Any CPU
		{9B7BAE87-1AFC-4E18-AA96-1A121CA288C4}.Debug|x64.ActiveCfg = Debug|Any CPU
		{9B7BAE87-1AFC-4E18-AA96-1A121CA288C4}.Debug|x64.Build.0 = Debug|Any CPU
		{9B7BAE87-1AFC-4E18-AA96-1A121CA288C4}.Debug|x86.ActiveCfg = Debug|Any CPU
		{9B7BAE87-1AFC-4E18-AA96-1A121CA288C4}.Debug|x86.Build.0 = Debug|Any CPU
		{9B7BAE87-1AFC-4E18-AA96-1A121CA288C4}.Debug-Vsix|Any CPU.ActiveCfg = Debug|Any CPU
		{9B7BAE87-1AFC-4E18-AA96-1A121CA288C4}.Debug-Vsix|Any CPU.Build.0 = Debug|Any CPU
		{9B7BAE87-1AFC-4E18-AA96-1A121CA288C4}.Debug-Vsix|x64.ActiveCfg = Debug|Any CPU
		{9B7BAE87-1AFC-4E18-AA96-1A121CA288C4}.Debug-Vsix|x64.Build.0 = Debug|Any CPU
		{9B7BAE87-1AFC-4E18-AA96-1A121CA288C4}.Debug-Vsix|x86.ActiveCfg = Debug|Any CPU
		{9B7BAE87-1AFC-4E18-AA96-1A121CA288C4}.Debug-Vsix|x86.Build.0 = Debug|Any CPU
		{9B7BAE87-1AFC-4E18-AA96-1A121CA288C4}.Release|Any CPU.ActiveCfg = Release|Any CPU
		{9B7BAE87-1AFC-4E18-AA96-1A121CA288C4}.Release|Any CPU.Build.0 = Release|Any CPU
		{9B7BAE87-1AFC-4E18-AA96-1A121CA288C4}.Release|x64.ActiveCfg = Release|Any CPU
		{9B7BAE87-1AFC-4E18-AA96-1A121CA288C4}.Release|x64.Build.0 = Release|Any CPU
		{9B7BAE87-1AFC-4E18-AA96-1A121CA288C4}.Release|x86.ActiveCfg = Release|Any CPU
		{9B7BAE87-1AFC-4E18-AA96-1A121CA288C4}.Release|x86.Build.0 = Release|Any CPU
		{71D54995-150C-440B-9AD2-AD45836E1CB9}.Debug|Any CPU.ActiveCfg = Debug|x64
		{71D54995-150C-440B-9AD2-AD45836E1CB9}.Debug|x64.ActiveCfg = Debug|x64
		{71D54995-150C-440B-9AD2-AD45836E1CB9}.Debug|x64.Build.0 = Debug|x64
		{71D54995-150C-440B-9AD2-AD45836E1CB9}.Debug|x86.ActiveCfg = Debug|x64
		{71D54995-150C-440B-9AD2-AD45836E1CB9}.Debug-Vsix|Any CPU.ActiveCfg = Debug|x64
		{71D54995-150C-440B-9AD2-AD45836E1CB9}.Debug-Vsix|Any CPU.Build.0 = Debug|x64
		{71D54995-150C-440B-9AD2-AD45836E1CB9}.Debug-Vsix|x64.ActiveCfg = Debug|x64
		{71D54995-150C-440B-9AD2-AD45836E1CB9}.Debug-Vsix|x64.Build.0 = Debug|x64
		{71D54995-150C-440B-9AD2-AD45836E1CB9}.Debug-Vsix|x86.ActiveCfg = Debug|x64
		{71D54995-150C-440B-9AD2-AD45836E1CB9}.Debug-Vsix|x86.Build.0 = Debug|x64
		{71D54995-150C-440B-9AD2-AD45836E1CB9}.Release|Any CPU.ActiveCfg = Release|x64
		{71D54995-150C-440B-9AD2-AD45836E1CB9}.Release|x64.ActiveCfg = Release|x64
		{71D54995-150C-440B-9AD2-AD45836E1CB9}.Release|x64.Build.0 = Release|x64
		{71D54995-150C-440B-9AD2-AD45836E1CB9}.Release|x86.ActiveCfg = Release|x64
		{7813B6ED-1EFF-4207-BB6C-F9F2C0F59308}.Debug|Any CPU.ActiveCfg = Debug|Any CPU
		{7813B6ED-1EFF-4207-BB6C-F9F2C0F59308}.Debug|Any CPU.Build.0 = Debug|Any CPU
		{7813B6ED-1EFF-4207-BB6C-F9F2C0F59308}.Debug|x64.ActiveCfg = Debug|Any CPU
		{7813B6ED-1EFF-4207-BB6C-F9F2C0F59308}.Debug|x64.Build.0 = Debug|Any CPU
		{7813B6ED-1EFF-4207-BB6C-F9F2C0F59308}.Debug|x86.ActiveCfg = Debug|Any CPU
		{7813B6ED-1EFF-4207-BB6C-F9F2C0F59308}.Debug|x86.Build.0 = Debug|Any CPU
		{7813B6ED-1EFF-4207-BB6C-F9F2C0F59308}.Debug-Vsix|Any CPU.ActiveCfg = Debug|Any CPU
		{7813B6ED-1EFF-4207-BB6C-F9F2C0F59308}.Debug-Vsix|Any CPU.Build.0 = Debug|Any CPU
		{7813B6ED-1EFF-4207-BB6C-F9F2C0F59308}.Debug-Vsix|x64.ActiveCfg = Debug|Any CPU
		{7813B6ED-1EFF-4207-BB6C-F9F2C0F59308}.Debug-Vsix|x64.Build.0 = Debug|Any CPU
		{7813B6ED-1EFF-4207-BB6C-F9F2C0F59308}.Debug-Vsix|x86.ActiveCfg = Debug|Any CPU
		{7813B6ED-1EFF-4207-BB6C-F9F2C0F59308}.Debug-Vsix|x86.Build.0 = Debug|Any CPU
		{7813B6ED-1EFF-4207-BB6C-F9F2C0F59308}.Release|Any CPU.ActiveCfg = Release|Any CPU
		{7813B6ED-1EFF-4207-BB6C-F9F2C0F59308}.Release|Any CPU.Build.0 = Release|Any CPU
		{7813B6ED-1EFF-4207-BB6C-F9F2C0F59308}.Release|x64.ActiveCfg = Release|Any CPU
		{7813B6ED-1EFF-4207-BB6C-F9F2C0F59308}.Release|x64.Build.0 = Release|Any CPU
		{7813B6ED-1EFF-4207-BB6C-F9F2C0F59308}.Release|x86.ActiveCfg = Release|Any CPU
		{7813B6ED-1EFF-4207-BB6C-F9F2C0F59308}.Release|x86.Build.0 = Release|Any CPU
		{C997F73F-0CAC-4558-B2D6-252131C0DBE0}.Debug|Any CPU.ActiveCfg = Debug|Any CPU
		{C997F73F-0CAC-4558-B2D6-252131C0DBE0}.Debug|Any CPU.Build.0 = Debug|Any CPU
		{C997F73F-0CAC-4558-B2D6-252131C0DBE0}.Debug|x64.ActiveCfg = Debug|Any CPU
		{C997F73F-0CAC-4558-B2D6-252131C0DBE0}.Debug|x64.Build.0 = Debug|Any CPU
		{C997F73F-0CAC-4558-B2D6-252131C0DBE0}.Debug|x86.ActiveCfg = Debug|Any CPU
		{C997F73F-0CAC-4558-B2D6-252131C0DBE0}.Debug|x86.Build.0 = Debug|Any CPU
		{C997F73F-0CAC-4558-B2D6-252131C0DBE0}.Debug-Vsix|Any CPU.ActiveCfg = Debug|Any CPU
		{C997F73F-0CAC-4558-B2D6-252131C0DBE0}.Debug-Vsix|Any CPU.Build.0 = Debug|Any CPU
		{C997F73F-0CAC-4558-B2D6-252131C0DBE0}.Debug-Vsix|x64.ActiveCfg = Debug|Any CPU
		{C997F73F-0CAC-4558-B2D6-252131C0DBE0}.Debug-Vsix|x64.Build.0 = Debug|Any CPU
		{C997F73F-0CAC-4558-B2D6-252131C0DBE0}.Debug-Vsix|x86.ActiveCfg = Debug|Any CPU
		{C997F73F-0CAC-4558-B2D6-252131C0DBE0}.Debug-Vsix|x86.Build.0 = Debug|Any CPU
		{C997F73F-0CAC-4558-B2D6-252131C0DBE0}.Release|Any CPU.ActiveCfg = Release|Any CPU
		{C997F73F-0CAC-4558-B2D6-252131C0DBE0}.Release|Any CPU.Build.0 = Release|Any CPU
		{C997F73F-0CAC-4558-B2D6-252131C0DBE0}.Release|x64.ActiveCfg = Release|Any CPU
		{C997F73F-0CAC-4558-B2D6-252131C0DBE0}.Release|x64.Build.0 = Release|Any CPU
		{C997F73F-0CAC-4558-B2D6-252131C0DBE0}.Release|x86.ActiveCfg = Release|Any CPU
		{C997F73F-0CAC-4558-B2D6-252131C0DBE0}.Release|x86.Build.0 = Release|Any CPU
		{8C981375-A016-4B40-B54C-7A324A4D51F0}.Debug|Any CPU.ActiveCfg = Debug|Any CPU
		{8C981375-A016-4B40-B54C-7A324A4D51F0}.Debug|Any CPU.Build.0 = Debug|Any CPU
		{8C981375-A016-4B40-B54C-7A324A4D51F0}.Debug|x64.ActiveCfg = Debug|Any CPU
		{8C981375-A016-4B40-B54C-7A324A4D51F0}.Debug|x64.Build.0 = Debug|Any CPU
		{8C981375-A016-4B40-B54C-7A324A4D51F0}.Debug|x86.ActiveCfg = Debug|Any CPU
		{8C981375-A016-4B40-B54C-7A324A4D51F0}.Debug|x86.Build.0 = Debug|Any CPU
		{8C981375-A016-4B40-B54C-7A324A4D51F0}.Debug-Vsix|Any CPU.ActiveCfg = Debug|Any CPU
		{8C981375-A016-4B40-B54C-7A324A4D51F0}.Debug-Vsix|Any CPU.Build.0 = Debug|Any CPU
		{8C981375-A016-4B40-B54C-7A324A4D51F0}.Debug-Vsix|x64.ActiveCfg = Debug|Any CPU
		{8C981375-A016-4B40-B54C-7A324A4D51F0}.Debug-Vsix|x64.Build.0 = Debug|Any CPU
		{8C981375-A016-4B40-B54C-7A324A4D51F0}.Debug-Vsix|x86.ActiveCfg = Debug|Any CPU
		{8C981375-A016-4B40-B54C-7A324A4D51F0}.Debug-Vsix|x86.Build.0 = Debug|Any CPU
		{8C981375-A016-4B40-B54C-7A324A4D51F0}.Release|Any CPU.ActiveCfg = Release|Any CPU
		{8C981375-A016-4B40-B54C-7A324A4D51F0}.Release|Any CPU.Build.0 = Release|Any CPU
		{8C981375-A016-4B40-B54C-7A324A4D51F0}.Release|x64.ActiveCfg = Release|Any CPU
		{8C981375-A016-4B40-B54C-7A324A4D51F0}.Release|x64.Build.0 = Release|Any CPU
		{8C981375-A016-4B40-B54C-7A324A4D51F0}.Release|x86.ActiveCfg = Release|Any CPU
		{8C981375-A016-4B40-B54C-7A324A4D51F0}.Release|x86.Build.0 = Release|Any CPU
		{09A00830-68F3-4F04-9322-8F83E898A554}.Debug|Any CPU.ActiveCfg = Debug|Any CPU
		{09A00830-68F3-4F04-9322-8F83E898A554}.Debug|Any CPU.Build.0 = Debug|Any CPU
		{09A00830-68F3-4F04-9322-8F83E898A554}.Debug|x64.ActiveCfg = Debug|Any CPU
		{09A00830-68F3-4F04-9322-8F83E898A554}.Debug|x64.Build.0 = Debug|Any CPU
		{09A00830-68F3-4F04-9322-8F83E898A554}.Debug|x86.ActiveCfg = Debug|Any CPU
		{09A00830-68F3-4F04-9322-8F83E898A554}.Debug|x86.Build.0 = Debug|Any CPU
		{09A00830-68F3-4F04-9322-8F83E898A554}.Debug-Vsix|Any CPU.ActiveCfg = Debug|Any CPU
		{09A00830-68F3-4F04-9322-8F83E898A554}.Debug-Vsix|Any CPU.Build.0 = Debug|Any CPU
		{09A00830-68F3-4F04-9322-8F83E898A554}.Debug-Vsix|x64.ActiveCfg = Debug|Any CPU
		{09A00830-68F3-4F04-9322-8F83E898A554}.Debug-Vsix|x64.Build.0 = Debug|Any CPU
		{09A00830-68F3-4F04-9322-8F83E898A554}.Debug-Vsix|x86.ActiveCfg = Debug|Any CPU
		{09A00830-68F3-4F04-9322-8F83E898A554}.Debug-Vsix|x86.Build.0 = Debug|Any CPU
		{09A00830-68F3-4F04-9322-8F83E898A554}.Release|Any CPU.ActiveCfg = Release|Any CPU
		{09A00830-68F3-4F04-9322-8F83E898A554}.Release|Any CPU.Build.0 = Release|Any CPU
		{09A00830-68F3-4F04-9322-8F83E898A554}.Release|x64.ActiveCfg = Release|Any CPU
		{09A00830-68F3-4F04-9322-8F83E898A554}.Release|x64.Build.0 = Release|Any CPU
		{09A00830-68F3-4F04-9322-8F83E898A554}.Release|x86.ActiveCfg = Release|Any CPU
		{09A00830-68F3-4F04-9322-8F83E898A554}.Release|x86.Build.0 = Release|Any CPU
		{FD74AE76-B79C-4540-96B6-223A5E12B89A}.Debug|Any CPU.ActiveCfg = Debug|Any CPU
		{FD74AE76-B79C-4540-96B6-223A5E12B89A}.Debug|Any CPU.Build.0 = Debug|Any CPU
		{FD74AE76-B79C-4540-96B6-223A5E12B89A}.Debug|x64.ActiveCfg = Debug|Any CPU
		{FD74AE76-B79C-4540-96B6-223A5E12B89A}.Debug|x64.Build.0 = Debug|Any CPU
		{FD74AE76-B79C-4540-96B6-223A5E12B89A}.Debug|x86.ActiveCfg = Debug|Any CPU
		{FD74AE76-B79C-4540-96B6-223A5E12B89A}.Debug|x86.Build.0 = Debug|Any CPU
		{FD74AE76-B79C-4540-96B6-223A5E12B89A}.Debug-Vsix|Any CPU.ActiveCfg = Debug|Any CPU
		{FD74AE76-B79C-4540-96B6-223A5E12B89A}.Debug-Vsix|Any CPU.Build.0 = Debug|Any CPU
		{FD74AE76-B79C-4540-96B6-223A5E12B89A}.Debug-Vsix|x64.ActiveCfg = Debug|Any CPU
		{FD74AE76-B79C-4540-96B6-223A5E12B89A}.Debug-Vsix|x64.Build.0 = Debug|Any CPU
		{FD74AE76-B79C-4540-96B6-223A5E12B89A}.Debug-Vsix|x86.ActiveCfg = Debug|Any CPU
		{FD74AE76-B79C-4540-96B6-223A5E12B89A}.Debug-Vsix|x86.Build.0 = Debug|Any CPU
		{FD74AE76-B79C-4540-96B6-223A5E12B89A}.Release|Any CPU.ActiveCfg = Release|Any CPU
		{FD74AE76-B79C-4540-96B6-223A5E12B89A}.Release|Any CPU.Build.0 = Release|Any CPU
		{FD74AE76-B79C-4540-96B6-223A5E12B89A}.Release|x64.ActiveCfg = Release|Any CPU
		{FD74AE76-B79C-4540-96B6-223A5E12B89A}.Release|x64.Build.0 = Release|Any CPU
		{FD74AE76-B79C-4540-96B6-223A5E12B89A}.Release|x86.ActiveCfg = Release|Any CPU
		{FD74AE76-B79C-4540-96B6-223A5E12B89A}.Release|x86.Build.0 = Release|Any CPU
		{4DD9FAA9-682E-46A6-8AD3-EABFF677C14A}.Debug|Any CPU.ActiveCfg = Debug|Any CPU
		{4DD9FAA9-682E-46A6-8AD3-EABFF677C14A}.Debug|Any CPU.Build.0 = Debug|Any CPU
		{4DD9FAA9-682E-46A6-8AD3-EABFF677C14A}.Debug|x64.ActiveCfg = Debug|Any CPU
		{4DD9FAA9-682E-46A6-8AD3-EABFF677C14A}.Debug|x64.Build.0 = Debug|Any CPU
		{4DD9FAA9-682E-46A6-8AD3-EABFF677C14A}.Debug|x86.ActiveCfg = Debug|Any CPU
		{4DD9FAA9-682E-46A6-8AD3-EABFF677C14A}.Debug|x86.Build.0 = Debug|Any CPU
		{4DD9FAA9-682E-46A6-8AD3-EABFF677C14A}.Debug-Vsix|Any CPU.ActiveCfg = Debug|Any CPU
		{4DD9FAA9-682E-46A6-8AD3-EABFF677C14A}.Debug-Vsix|Any CPU.Build.0 = Debug|Any CPU
		{4DD9FAA9-682E-46A6-8AD3-EABFF677C14A}.Debug-Vsix|x64.ActiveCfg = Debug|Any CPU
		{4DD9FAA9-682E-46A6-8AD3-EABFF677C14A}.Debug-Vsix|x64.Build.0 = Debug|Any CPU
		{4DD9FAA9-682E-46A6-8AD3-EABFF677C14A}.Debug-Vsix|x86.ActiveCfg = Debug|Any CPU
		{4DD9FAA9-682E-46A6-8AD3-EABFF677C14A}.Debug-Vsix|x86.Build.0 = Debug|Any CPU
		{4DD9FAA9-682E-46A6-8AD3-EABFF677C14A}.Release|Any CPU.ActiveCfg = Release|Any CPU
		{4DD9FAA9-682E-46A6-8AD3-EABFF677C14A}.Release|Any CPU.Build.0 = Release|Any CPU
		{4DD9FAA9-682E-46A6-8AD3-EABFF677C14A}.Release|x64.ActiveCfg = Release|Any CPU
		{4DD9FAA9-682E-46A6-8AD3-EABFF677C14A}.Release|x64.Build.0 = Release|Any CPU
		{4DD9FAA9-682E-46A6-8AD3-EABFF677C14A}.Release|x86.ActiveCfg = Release|Any CPU
		{4DD9FAA9-682E-46A6-8AD3-EABFF677C14A}.Release|x86.Build.0 = Release|Any CPU
		{1FDC16C3-9941-4567-B969-32A7ECA7A237}.Debug|Any CPU.ActiveCfg = Debug|Any CPU
		{1FDC16C3-9941-4567-B969-32A7ECA7A237}.Debug|Any CPU.Build.0 = Debug|Any CPU
		{1FDC16C3-9941-4567-B969-32A7ECA7A237}.Debug|x64.ActiveCfg = Debug|Any CPU
		{1FDC16C3-9941-4567-B969-32A7ECA7A237}.Debug|x64.Build.0 = Debug|Any CPU
		{1FDC16C3-9941-4567-B969-32A7ECA7A237}.Debug|x86.ActiveCfg = Debug|Any CPU
		{1FDC16C3-9941-4567-B969-32A7ECA7A237}.Debug|x86.Build.0 = Debug|Any CPU
		{1FDC16C3-9941-4567-B969-32A7ECA7A237}.Debug-Vsix|Any CPU.ActiveCfg = Debug|Any CPU
		{1FDC16C3-9941-4567-B969-32A7ECA7A237}.Debug-Vsix|Any CPU.Build.0 = Debug|Any CPU
		{1FDC16C3-9941-4567-B969-32A7ECA7A237}.Debug-Vsix|x64.ActiveCfg = Debug|Any CPU
		{1FDC16C3-9941-4567-B969-32A7ECA7A237}.Debug-Vsix|x64.Build.0 = Debug|Any CPU
		{1FDC16C3-9941-4567-B969-32A7ECA7A237}.Debug-Vsix|x86.ActiveCfg = Debug|Any CPU
		{1FDC16C3-9941-4567-B969-32A7ECA7A237}.Debug-Vsix|x86.Build.0 = Debug|Any CPU
		{1FDC16C3-9941-4567-B969-32A7ECA7A237}.Release|Any CPU.ActiveCfg = Release|Any CPU
		{1FDC16C3-9941-4567-B969-32A7ECA7A237}.Release|Any CPU.Build.0 = Release|Any CPU
		{1FDC16C3-9941-4567-B969-32A7ECA7A237}.Release|x64.ActiveCfg = Release|Any CPU
		{1FDC16C3-9941-4567-B969-32A7ECA7A237}.Release|x64.Build.0 = Release|Any CPU
		{1FDC16C3-9941-4567-B969-32A7ECA7A237}.Release|x86.ActiveCfg = Release|Any CPU
		{1FDC16C3-9941-4567-B969-32A7ECA7A237}.Release|x86.Build.0 = Release|Any CPU
		{FA2F0723-B881-4DD6-AD6E-09AF2154D917}.Debug|Any CPU.ActiveCfg = Debug|Any CPU
		{FA2F0723-B881-4DD6-AD6E-09AF2154D917}.Debug|Any CPU.Build.0 = Debug|Any CPU
		{FA2F0723-B881-4DD6-AD6E-09AF2154D917}.Debug|x64.ActiveCfg = Debug|Any CPU
		{FA2F0723-B881-4DD6-AD6E-09AF2154D917}.Debug|x64.Build.0 = Debug|Any CPU
		{FA2F0723-B881-4DD6-AD6E-09AF2154D917}.Debug|x86.ActiveCfg = Debug|Any CPU
		{FA2F0723-B881-4DD6-AD6E-09AF2154D917}.Debug|x86.Build.0 = Debug|Any CPU
		{FA2F0723-B881-4DD6-AD6E-09AF2154D917}.Debug-Vsix|Any CPU.ActiveCfg = Debug|Any CPU
		{FA2F0723-B881-4DD6-AD6E-09AF2154D917}.Debug-Vsix|Any CPU.Build.0 = Debug|Any CPU
		{FA2F0723-B881-4DD6-AD6E-09AF2154D917}.Debug-Vsix|x64.ActiveCfg = Debug|Any CPU
		{FA2F0723-B881-4DD6-AD6E-09AF2154D917}.Debug-Vsix|x64.Build.0 = Debug|Any CPU
		{FA2F0723-B881-4DD6-AD6E-09AF2154D917}.Debug-Vsix|x86.ActiveCfg = Debug|Any CPU
		{FA2F0723-B881-4DD6-AD6E-09AF2154D917}.Debug-Vsix|x86.Build.0 = Debug|Any CPU
		{FA2F0723-B881-4DD6-AD6E-09AF2154D917}.Release|Any CPU.ActiveCfg = Release|Any CPU
		{FA2F0723-B881-4DD6-AD6E-09AF2154D917}.Release|Any CPU.Build.0 = Release|Any CPU
		{FA2F0723-B881-4DD6-AD6E-09AF2154D917}.Release|x64.ActiveCfg = Release|Any CPU
		{FA2F0723-B881-4DD6-AD6E-09AF2154D917}.Release|x64.Build.0 = Release|Any CPU
		{FA2F0723-B881-4DD6-AD6E-09AF2154D917}.Release|x86.ActiveCfg = Release|Any CPU
		{FA2F0723-B881-4DD6-AD6E-09AF2154D917}.Release|x86.Build.0 = Release|Any CPU
		{2AF6A3B6-85AD-497D-A8B3-56586796B976}.Debug|Any CPU.ActiveCfg = Debug|Any CPU
		{2AF6A3B6-85AD-497D-A8B3-56586796B976}.Debug|Any CPU.Build.0 = Debug|Any CPU
		{2AF6A3B6-85AD-497D-A8B3-56586796B976}.Debug|x64.ActiveCfg = Debug|Any CPU
		{2AF6A3B6-85AD-497D-A8B3-56586796B976}.Debug|x64.Build.0 = Debug|Any CPU
		{2AF6A3B6-85AD-497D-A8B3-56586796B976}.Debug|x86.ActiveCfg = Debug|Any CPU
		{2AF6A3B6-85AD-497D-A8B3-56586796B976}.Debug|x86.Build.0 = Debug|Any CPU
		{2AF6A3B6-85AD-497D-A8B3-56586796B976}.Debug-Vsix|Any CPU.ActiveCfg = Debug|Any CPU
		{2AF6A3B6-85AD-497D-A8B3-56586796B976}.Debug-Vsix|Any CPU.Build.0 = Debug|Any CPU
		{2AF6A3B6-85AD-497D-A8B3-56586796B976}.Debug-Vsix|x64.ActiveCfg = Debug|Any CPU
		{2AF6A3B6-85AD-497D-A8B3-56586796B976}.Debug-Vsix|x64.Build.0 = Debug|Any CPU
		{2AF6A3B6-85AD-497D-A8B3-56586796B976}.Debug-Vsix|x86.ActiveCfg = Debug|Any CPU
		{2AF6A3B6-85AD-497D-A8B3-56586796B976}.Debug-Vsix|x86.Build.0 = Debug|Any CPU
		{2AF6A3B6-85AD-497D-A8B3-56586796B976}.Release|Any CPU.ActiveCfg = Release|Any CPU
		{2AF6A3B6-85AD-497D-A8B3-56586796B976}.Release|Any CPU.Build.0 = Release|Any CPU
		{2AF6A3B6-85AD-497D-A8B3-56586796B976}.Release|x64.ActiveCfg = Release|Any CPU
		{2AF6A3B6-85AD-497D-A8B3-56586796B976}.Release|x64.Build.0 = Release|Any CPU
		{2AF6A3B6-85AD-497D-A8B3-56586796B976}.Release|x86.ActiveCfg = Release|Any CPU
		{2AF6A3B6-85AD-497D-A8B3-56586796B976}.Release|x86.Build.0 = Release|Any CPU
		{790D1C86-D15B-4CE9-9FEE-F72E32AE2C4C}.Debug|Any CPU.ActiveCfg = Debug|Any CPU
		{790D1C86-D15B-4CE9-9FEE-F72E32AE2C4C}.Debug|Any CPU.Build.0 = Debug|Any CPU
		{790D1C86-D15B-4CE9-9FEE-F72E32AE2C4C}.Debug|x64.ActiveCfg = Debug|Any CPU
		{790D1C86-D15B-4CE9-9FEE-F72E32AE2C4C}.Debug|x64.Build.0 = Debug|Any CPU
		{790D1C86-D15B-4CE9-9FEE-F72E32AE2C4C}.Debug|x86.ActiveCfg = Debug|Any CPU
		{790D1C86-D15B-4CE9-9FEE-F72E32AE2C4C}.Debug|x86.Build.0 = Debug|Any CPU
		{790D1C86-D15B-4CE9-9FEE-F72E32AE2C4C}.Debug-Vsix|Any CPU.ActiveCfg = Debug|Any CPU
		{790D1C86-D15B-4CE9-9FEE-F72E32AE2C4C}.Debug-Vsix|Any CPU.Build.0 = Debug|Any CPU
		{790D1C86-D15B-4CE9-9FEE-F72E32AE2C4C}.Debug-Vsix|x64.ActiveCfg = Debug|Any CPU
		{790D1C86-D15B-4CE9-9FEE-F72E32AE2C4C}.Debug-Vsix|x64.Build.0 = Debug|Any CPU
		{790D1C86-D15B-4CE9-9FEE-F72E32AE2C4C}.Debug-Vsix|x86.ActiveCfg = Debug|Any CPU
		{790D1C86-D15B-4CE9-9FEE-F72E32AE2C4C}.Debug-Vsix|x86.Build.0 = Debug|Any CPU
		{790D1C86-D15B-4CE9-9FEE-F72E32AE2C4C}.Release|Any CPU.ActiveCfg = Release|Any CPU
		{790D1C86-D15B-4CE9-9FEE-F72E32AE2C4C}.Release|Any CPU.Build.0 = Release|Any CPU
		{790D1C86-D15B-4CE9-9FEE-F72E32AE2C4C}.Release|x64.ActiveCfg = Release|Any CPU
		{790D1C86-D15B-4CE9-9FEE-F72E32AE2C4C}.Release|x64.Build.0 = Release|Any CPU
		{790D1C86-D15B-4CE9-9FEE-F72E32AE2C4C}.Release|x86.ActiveCfg = Release|Any CPU
		{790D1C86-D15B-4CE9-9FEE-F72E32AE2C4C}.Release|x86.Build.0 = Release|Any CPU
		{35658C61-7D7E-4507-8355-0496FA7DA4E7}.Debug|Any CPU.ActiveCfg = Debug|Any CPU
		{35658C61-7D7E-4507-8355-0496FA7DA4E7}.Debug|Any CPU.Build.0 = Debug|Any CPU
		{35658C61-7D7E-4507-8355-0496FA7DA4E7}.Debug|x64.ActiveCfg = Debug|Any CPU
		{35658C61-7D7E-4507-8355-0496FA7DA4E7}.Debug|x64.Build.0 = Debug|Any CPU
		{35658C61-7D7E-4507-8355-0496FA7DA4E7}.Debug|x86.ActiveCfg = Debug|Any CPU
		{35658C61-7D7E-4507-8355-0496FA7DA4E7}.Debug|x86.Build.0 = Debug|Any CPU
		{35658C61-7D7E-4507-8355-0496FA7DA4E7}.Debug-Vsix|Any CPU.ActiveCfg = Debug|Any CPU
		{35658C61-7D7E-4507-8355-0496FA7DA4E7}.Debug-Vsix|Any CPU.Build.0 = Debug|Any CPU
		{35658C61-7D7E-4507-8355-0496FA7DA4E7}.Debug-Vsix|x64.ActiveCfg = Debug|Any CPU
		{35658C61-7D7E-4507-8355-0496FA7DA4E7}.Debug-Vsix|x64.Build.0 = Debug|Any CPU
		{35658C61-7D7E-4507-8355-0496FA7DA4E7}.Debug-Vsix|x86.ActiveCfg = Debug|Any CPU
		{35658C61-7D7E-4507-8355-0496FA7DA4E7}.Debug-Vsix|x86.Build.0 = Debug|Any CPU
		{35658C61-7D7E-4507-8355-0496FA7DA4E7}.Release|Any CPU.ActiveCfg = Release|Any CPU
		{35658C61-7D7E-4507-8355-0496FA7DA4E7}.Release|Any CPU.Build.0 = Release|Any CPU
		{35658C61-7D7E-4507-8355-0496FA7DA4E7}.Release|x64.ActiveCfg = Release|Any CPU
		{35658C61-7D7E-4507-8355-0496FA7DA4E7}.Release|x64.Build.0 = Release|Any CPU
		{35658C61-7D7E-4507-8355-0496FA7DA4E7}.Release|x86.ActiveCfg = Release|Any CPU
		{35658C61-7D7E-4507-8355-0496FA7DA4E7}.Release|x86.Build.0 = Release|Any CPU
		{E378A792-A0DE-4BD4-8473-B50EC92209FD}.Debug|Any CPU.ActiveCfg = Debug|Any CPU
		{E378A792-A0DE-4BD4-8473-B50EC92209FD}.Debug|Any CPU.Build.0 = Debug|Any CPU
		{E378A792-A0DE-4BD4-8473-B50EC92209FD}.Debug|x64.ActiveCfg = Debug|Any CPU
		{E378A792-A0DE-4BD4-8473-B50EC92209FD}.Debug|x64.Build.0 = Debug|Any CPU
		{E378A792-A0DE-4BD4-8473-B50EC92209FD}.Debug|x86.ActiveCfg = Debug|Any CPU
		{E378A792-A0DE-4BD4-8473-B50EC92209FD}.Debug|x86.Build.0 = Debug|Any CPU
		{E378A792-A0DE-4BD4-8473-B50EC92209FD}.Debug-Vsix|Any CPU.ActiveCfg = Debug|Any CPU
		{E378A792-A0DE-4BD4-8473-B50EC92209FD}.Debug-Vsix|Any CPU.Build.0 = Debug|Any CPU
		{E378A792-A0DE-4BD4-8473-B50EC92209FD}.Debug-Vsix|x64.ActiveCfg = Debug|Any CPU
		{E378A792-A0DE-4BD4-8473-B50EC92209FD}.Debug-Vsix|x64.Build.0 = Debug|Any CPU
		{E378A792-A0DE-4BD4-8473-B50EC92209FD}.Debug-Vsix|x86.ActiveCfg = Debug|Any CPU
		{E378A792-A0DE-4BD4-8473-B50EC92209FD}.Debug-Vsix|x86.Build.0 = Debug|Any CPU
		{E378A792-A0DE-4BD4-8473-B50EC92209FD}.Release|Any CPU.ActiveCfg = Release|Any CPU
		{E378A792-A0DE-4BD4-8473-B50EC92209FD}.Release|Any CPU.Build.0 = Release|Any CPU
		{E378A792-A0DE-4BD4-8473-B50EC92209FD}.Release|x64.ActiveCfg = Release|Any CPU
		{E378A792-A0DE-4BD4-8473-B50EC92209FD}.Release|x64.Build.0 = Release|Any CPU
		{E378A792-A0DE-4BD4-8473-B50EC92209FD}.Release|x86.ActiveCfg = Release|Any CPU
		{E378A792-A0DE-4BD4-8473-B50EC92209FD}.Release|x86.Build.0 = Release|Any CPU
		{23D21D9E-9F29-4ECF-B4D6-690D072E7FF6}.Debug|Any CPU.ActiveCfg = Debug|Any CPU
		{23D21D9E-9F29-4ECF-B4D6-690D072E7FF6}.Debug|Any CPU.Build.0 = Debug|Any CPU
		{23D21D9E-9F29-4ECF-B4D6-690D072E7FF6}.Debug|x64.ActiveCfg = Debug|Any CPU
		{23D21D9E-9F29-4ECF-B4D6-690D072E7FF6}.Debug|x64.Build.0 = Debug|Any CPU
		{23D21D9E-9F29-4ECF-B4D6-690D072E7FF6}.Debug|x86.ActiveCfg = Debug|Any CPU
		{23D21D9E-9F29-4ECF-B4D6-690D072E7FF6}.Debug|x86.Build.0 = Debug|Any CPU
		{23D21D9E-9F29-4ECF-B4D6-690D072E7FF6}.Debug-Vsix|Any CPU.ActiveCfg = Debug|Any CPU
		{23D21D9E-9F29-4ECF-B4D6-690D072E7FF6}.Debug-Vsix|Any CPU.Build.0 = Debug|Any CPU
		{23D21D9E-9F29-4ECF-B4D6-690D072E7FF6}.Debug-Vsix|x64.ActiveCfg = Debug|Any CPU
		{23D21D9E-9F29-4ECF-B4D6-690D072E7FF6}.Debug-Vsix|x64.Build.0 = Debug|Any CPU
		{23D21D9E-9F29-4ECF-B4D6-690D072E7FF6}.Debug-Vsix|x86.ActiveCfg = Debug|Any CPU
		{23D21D9E-9F29-4ECF-B4D6-690D072E7FF6}.Debug-Vsix|x86.Build.0 = Debug|Any CPU
		{23D21D9E-9F29-4ECF-B4D6-690D072E7FF6}.Release|Any CPU.ActiveCfg = Release|Any CPU
		{23D21D9E-9F29-4ECF-B4D6-690D072E7FF6}.Release|Any CPU.Build.0 = Release|Any CPU
		{23D21D9E-9F29-4ECF-B4D6-690D072E7FF6}.Release|x64.ActiveCfg = Release|Any CPU
		{23D21D9E-9F29-4ECF-B4D6-690D072E7FF6}.Release|x64.Build.0 = Release|Any CPU
		{23D21D9E-9F29-4ECF-B4D6-690D072E7FF6}.Release|x86.ActiveCfg = Release|Any CPU
		{23D21D9E-9F29-4ECF-B4D6-690D072E7FF6}.Release|x86.Build.0 = Release|Any CPU
		{F2BB1A4A-15B3-4C56-ACDE-BE52B1D000D8}.Debug|Any CPU.ActiveCfg = Debug|Any CPU
		{F2BB1A4A-15B3-4C56-ACDE-BE52B1D000D8}.Debug|Any CPU.Build.0 = Debug|Any CPU
		{F2BB1A4A-15B3-4C56-ACDE-BE52B1D000D8}.Debug|x64.ActiveCfg = Debug|Any CPU
		{F2BB1A4A-15B3-4C56-ACDE-BE52B1D000D8}.Debug|x64.Build.0 = Debug|Any CPU
		{F2BB1A4A-15B3-4C56-ACDE-BE52B1D000D8}.Debug|x86.ActiveCfg = Debug|Any CPU
		{F2BB1A4A-15B3-4C56-ACDE-BE52B1D000D8}.Debug|x86.Build.0 = Debug|Any CPU
		{F2BB1A4A-15B3-4C56-ACDE-BE52B1D000D8}.Debug-Vsix|Any CPU.ActiveCfg = Debug|Any CPU
		{F2BB1A4A-15B3-4C56-ACDE-BE52B1D000D8}.Debug-Vsix|Any CPU.Build.0 = Debug|Any CPU
		{F2BB1A4A-15B3-4C56-ACDE-BE52B1D000D8}.Debug-Vsix|x64.ActiveCfg = Debug|Any CPU
		{F2BB1A4A-15B3-4C56-ACDE-BE52B1D000D8}.Debug-Vsix|x64.Build.0 = Debug|Any CPU
		{F2BB1A4A-15B3-4C56-ACDE-BE52B1D000D8}.Debug-Vsix|x86.ActiveCfg = Debug|Any CPU
		{F2BB1A4A-15B3-4C56-ACDE-BE52B1D000D8}.Debug-Vsix|x86.Build.0 = Debug|Any CPU
		{F2BB1A4A-15B3-4C56-ACDE-BE52B1D000D8}.Release|Any CPU.ActiveCfg = Release|Any CPU
		{F2BB1A4A-15B3-4C56-ACDE-BE52B1D000D8}.Release|Any CPU.Build.0 = Release|Any CPU
		{F2BB1A4A-15B3-4C56-ACDE-BE52B1D000D8}.Release|x64.ActiveCfg = Release|Any CPU
		{F2BB1A4A-15B3-4C56-ACDE-BE52B1D000D8}.Release|x64.Build.0 = Release|Any CPU
		{F2BB1A4A-15B3-4C56-ACDE-BE52B1D000D8}.Release|x86.ActiveCfg = Release|Any CPU
		{F2BB1A4A-15B3-4C56-ACDE-BE52B1D000D8}.Release|x86.Build.0 = Release|Any CPU
		{B9D94FA6-CEAF-488F-8B1C-CA93C4F999A7}.Debug|Any CPU.ActiveCfg = Debug|Any CPU
		{B9D94FA6-CEAF-488F-8B1C-CA93C4F999A7}.Debug|Any CPU.Build.0 = Debug|Any CPU
		{B9D94FA6-CEAF-488F-8B1C-CA93C4F999A7}.Debug|x64.ActiveCfg = Debug|Any CPU
		{B9D94FA6-CEAF-488F-8B1C-CA93C4F999A7}.Debug|x64.Build.0 = Debug|Any CPU
		{B9D94FA6-CEAF-488F-8B1C-CA93C4F999A7}.Debug|x86.ActiveCfg = Debug|Any CPU
		{B9D94FA6-CEAF-488F-8B1C-CA93C4F999A7}.Debug|x86.Build.0 = Debug|Any CPU
		{B9D94FA6-CEAF-488F-8B1C-CA93C4F999A7}.Debug-Vsix|Any CPU.ActiveCfg = Debug|Any CPU
		{B9D94FA6-CEAF-488F-8B1C-CA93C4F999A7}.Debug-Vsix|Any CPU.Build.0 = Debug|Any CPU
		{B9D94FA6-CEAF-488F-8B1C-CA93C4F999A7}.Debug-Vsix|x64.ActiveCfg = Debug|Any CPU
		{B9D94FA6-CEAF-488F-8B1C-CA93C4F999A7}.Debug-Vsix|x64.Build.0 = Debug|Any CPU
		{B9D94FA6-CEAF-488F-8B1C-CA93C4F999A7}.Debug-Vsix|x86.ActiveCfg = Debug|Any CPU
		{B9D94FA6-CEAF-488F-8B1C-CA93C4F999A7}.Debug-Vsix|x86.Build.0 = Debug|Any CPU
		{B9D94FA6-CEAF-488F-8B1C-CA93C4F999A7}.Release|Any CPU.ActiveCfg = Release|Any CPU
		{B9D94FA6-CEAF-488F-8B1C-CA93C4F999A7}.Release|Any CPU.Build.0 = Release|Any CPU
		{B9D94FA6-CEAF-488F-8B1C-CA93C4F999A7}.Release|x64.ActiveCfg = Release|Any CPU
		{B9D94FA6-CEAF-488F-8B1C-CA93C4F999A7}.Release|x64.Build.0 = Release|Any CPU
		{B9D94FA6-CEAF-488F-8B1C-CA93C4F999A7}.Release|x86.ActiveCfg = Release|Any CPU
		{B9D94FA6-CEAF-488F-8B1C-CA93C4F999A7}.Release|x86.Build.0 = Release|Any CPU
		{2042090B-E2E7-4EC9-8A97-48C4F2013861}.Debug|Any CPU.ActiveCfg = Debug|Any CPU
		{2042090B-E2E7-4EC9-8A97-48C4F2013861}.Debug|Any CPU.Build.0 = Debug|Any CPU
		{2042090B-E2E7-4EC9-8A97-48C4F2013861}.Debug|x64.ActiveCfg = Debug|Any CPU
		{2042090B-E2E7-4EC9-8A97-48C4F2013861}.Debug|x64.Build.0 = Debug|Any CPU
		{2042090B-E2E7-4EC9-8A97-48C4F2013861}.Debug|x86.ActiveCfg = Debug|Any CPU
		{2042090B-E2E7-4EC9-8A97-48C4F2013861}.Debug|x86.Build.0 = Debug|Any CPU
		{2042090B-E2E7-4EC9-8A97-48C4F2013861}.Debug-Vsix|Any CPU.ActiveCfg = Debug|Any CPU
		{2042090B-E2E7-4EC9-8A97-48C4F2013861}.Debug-Vsix|Any CPU.Build.0 = Debug|Any CPU
		{2042090B-E2E7-4EC9-8A97-48C4F2013861}.Debug-Vsix|x64.ActiveCfg = Debug|Any CPU
		{2042090B-E2E7-4EC9-8A97-48C4F2013861}.Debug-Vsix|x64.Build.0 = Debug|Any CPU
		{2042090B-E2E7-4EC9-8A97-48C4F2013861}.Debug-Vsix|x86.ActiveCfg = Debug|Any CPU
		{2042090B-E2E7-4EC9-8A97-48C4F2013861}.Debug-Vsix|x86.Build.0 = Debug|Any CPU
		{2042090B-E2E7-4EC9-8A97-48C4F2013861}.Release|Any CPU.ActiveCfg = Release|Any CPU
		{2042090B-E2E7-4EC9-8A97-48C4F2013861}.Release|Any CPU.Build.0 = Release|Any CPU
		{2042090B-E2E7-4EC9-8A97-48C4F2013861}.Release|x64.ActiveCfg = Release|Any CPU
		{2042090B-E2E7-4EC9-8A97-48C4F2013861}.Release|x64.Build.0 = Release|Any CPU
		{2042090B-E2E7-4EC9-8A97-48C4F2013861}.Release|x86.ActiveCfg = Release|Any CPU
		{2042090B-E2E7-4EC9-8A97-48C4F2013861}.Release|x86.Build.0 = Release|Any CPU
		{0884F923-37B8-4728-A3EB-AD28CD38A0B6}.Debug|Any CPU.ActiveCfg = Debug|Any CPU
		{0884F923-37B8-4728-A3EB-AD28CD38A0B6}.Debug|Any CPU.Build.0 = Debug|Any CPU
		{0884F923-37B8-4728-A3EB-AD28CD38A0B6}.Debug|x64.ActiveCfg = Debug|Any CPU
		{0884F923-37B8-4728-A3EB-AD28CD38A0B6}.Debug|x64.Build.0 = Debug|Any CPU
		{0884F923-37B8-4728-A3EB-AD28CD38A0B6}.Debug|x86.ActiveCfg = Debug|Any CPU
		{0884F923-37B8-4728-A3EB-AD28CD38A0B6}.Debug|x86.Build.0 = Debug|Any CPU
		{0884F923-37B8-4728-A3EB-AD28CD38A0B6}.Debug-Vsix|Any CPU.ActiveCfg = Debug|Any CPU
		{0884F923-37B8-4728-A3EB-AD28CD38A0B6}.Debug-Vsix|Any CPU.Build.0 = Debug|Any CPU
		{0884F923-37B8-4728-A3EB-AD28CD38A0B6}.Debug-Vsix|x64.ActiveCfg = Debug|Any CPU
		{0884F923-37B8-4728-A3EB-AD28CD38A0B6}.Debug-Vsix|x64.Build.0 = Debug|Any CPU
		{0884F923-37B8-4728-A3EB-AD28CD38A0B6}.Debug-Vsix|x86.ActiveCfg = Debug|Any CPU
		{0884F923-37B8-4728-A3EB-AD28CD38A0B6}.Debug-Vsix|x86.Build.0 = Debug|Any CPU
		{0884F923-37B8-4728-A3EB-AD28CD38A0B6}.Release|Any CPU.ActiveCfg = Release|Any CPU
		{0884F923-37B8-4728-A3EB-AD28CD38A0B6}.Release|Any CPU.Build.0 = Release|Any CPU
		{0884F923-37B8-4728-A3EB-AD28CD38A0B6}.Release|x64.ActiveCfg = Release|Any CPU
		{0884F923-37B8-4728-A3EB-AD28CD38A0B6}.Release|x64.Build.0 = Release|Any CPU
		{0884F923-37B8-4728-A3EB-AD28CD38A0B6}.Release|x86.ActiveCfg = Release|Any CPU
		{0884F923-37B8-4728-A3EB-AD28CD38A0B6}.Release|x86.Build.0 = Release|Any CPU
		{9D0D0F2F-37BC-485B-AF47-00788E5092A2}.Debug|Any CPU.ActiveCfg = Debug|Any CPU
		{9D0D0F2F-37BC-485B-AF47-00788E5092A2}.Debug|Any CPU.Build.0 = Debug|Any CPU
		{9D0D0F2F-37BC-485B-AF47-00788E5092A2}.Debug|x64.ActiveCfg = Debug|Any CPU
		{9D0D0F2F-37BC-485B-AF47-00788E5092A2}.Debug|x64.Build.0 = Debug|Any CPU
		{9D0D0F2F-37BC-485B-AF47-00788E5092A2}.Debug|x86.ActiveCfg = Debug|Any CPU
		{9D0D0F2F-37BC-485B-AF47-00788E5092A2}.Debug|x86.Build.0 = Debug|Any CPU
		{9D0D0F2F-37BC-485B-AF47-00788E5092A2}.Debug-Vsix|Any CPU.ActiveCfg = Debug|Any CPU
		{9D0D0F2F-37BC-485B-AF47-00788E5092A2}.Debug-Vsix|Any CPU.Build.0 = Debug|Any CPU
		{9D0D0F2F-37BC-485B-AF47-00788E5092A2}.Debug-Vsix|x64.ActiveCfg = Debug|Any CPU
		{9D0D0F2F-37BC-485B-AF47-00788E5092A2}.Debug-Vsix|x64.Build.0 = Debug|Any CPU
		{9D0D0F2F-37BC-485B-AF47-00788E5092A2}.Debug-Vsix|x86.ActiveCfg = Debug|Any CPU
		{9D0D0F2F-37BC-485B-AF47-00788E5092A2}.Debug-Vsix|x86.Build.0 = Debug|Any CPU
		{9D0D0F2F-37BC-485B-AF47-00788E5092A2}.Release|Any CPU.ActiveCfg = Release|Any CPU
		{9D0D0F2F-37BC-485B-AF47-00788E5092A2}.Release|Any CPU.Build.0 = Release|Any CPU
		{9D0D0F2F-37BC-485B-AF47-00788E5092A2}.Release|x64.ActiveCfg = Release|Any CPU
		{9D0D0F2F-37BC-485B-AF47-00788E5092A2}.Release|x64.Build.0 = Release|Any CPU
		{9D0D0F2F-37BC-485B-AF47-00788E5092A2}.Release|x86.ActiveCfg = Release|Any CPU
		{9D0D0F2F-37BC-485B-AF47-00788E5092A2}.Release|x86.Build.0 = Release|Any CPU
		{70C3477B-8A46-480A-AB1D-0DCD486A55AD}.Debug|Any CPU.ActiveCfg = Debug|Any CPU
		{70C3477B-8A46-480A-AB1D-0DCD486A55AD}.Debug|Any CPU.Build.0 = Debug|Any CPU
		{70C3477B-8A46-480A-AB1D-0DCD486A55AD}.Debug|x64.ActiveCfg = Debug|Any CPU
		{70C3477B-8A46-480A-AB1D-0DCD486A55AD}.Debug|x64.Build.0 = Debug|Any CPU
		{70C3477B-8A46-480A-AB1D-0DCD486A55AD}.Debug|x86.ActiveCfg = Debug|Any CPU
		{70C3477B-8A46-480A-AB1D-0DCD486A55AD}.Debug|x86.Build.0 = Debug|Any CPU
		{70C3477B-8A46-480A-AB1D-0DCD486A55AD}.Debug-Vsix|Any CPU.ActiveCfg = Debug|Any CPU
		{70C3477B-8A46-480A-AB1D-0DCD486A55AD}.Debug-Vsix|Any CPU.Build.0 = Debug|Any CPU
		{70C3477B-8A46-480A-AB1D-0DCD486A55AD}.Debug-Vsix|x64.ActiveCfg = Debug|Any CPU
		{70C3477B-8A46-480A-AB1D-0DCD486A55AD}.Debug-Vsix|x64.Build.0 = Debug|Any CPU
		{70C3477B-8A46-480A-AB1D-0DCD486A55AD}.Debug-Vsix|x86.ActiveCfg = Debug|Any CPU
		{70C3477B-8A46-480A-AB1D-0DCD486A55AD}.Debug-Vsix|x86.Build.0 = Debug|Any CPU
		{70C3477B-8A46-480A-AB1D-0DCD486A55AD}.Release|Any CPU.ActiveCfg = Release|Any CPU
		{70C3477B-8A46-480A-AB1D-0DCD486A55AD}.Release|Any CPU.Build.0 = Release|Any CPU
		{70C3477B-8A46-480A-AB1D-0DCD486A55AD}.Release|x64.ActiveCfg = Release|Any CPU
		{70C3477B-8A46-480A-AB1D-0DCD486A55AD}.Release|x64.Build.0 = Release|Any CPU
		{70C3477B-8A46-480A-AB1D-0DCD486A55AD}.Release|x86.ActiveCfg = Release|Any CPU
		{70C3477B-8A46-480A-AB1D-0DCD486A55AD}.Release|x86.Build.0 = Release|Any CPU
		{23253C8E-341C-4613-9834-E7CDBE2D88BA}.Debug|Any CPU.ActiveCfg = Debug|Any CPU
		{23253C8E-341C-4613-9834-E7CDBE2D88BA}.Debug|Any CPU.Build.0 = Debug|Any CPU
		{23253C8E-341C-4613-9834-E7CDBE2D88BA}.Debug|x64.ActiveCfg = Debug|Any CPU
		{23253C8E-341C-4613-9834-E7CDBE2D88BA}.Debug|x64.Build.0 = Debug|Any CPU
		{23253C8E-341C-4613-9834-E7CDBE2D88BA}.Debug|x86.ActiveCfg = Debug|Any CPU
		{23253C8E-341C-4613-9834-E7CDBE2D88BA}.Debug|x86.Build.0 = Debug|Any CPU
		{23253C8E-341C-4613-9834-E7CDBE2D88BA}.Debug-Vsix|Any CPU.ActiveCfg = Debug|Any CPU
		{23253C8E-341C-4613-9834-E7CDBE2D88BA}.Debug-Vsix|Any CPU.Build.0 = Debug|Any CPU
		{23253C8E-341C-4613-9834-E7CDBE2D88BA}.Debug-Vsix|x64.ActiveCfg = Debug|Any CPU
		{23253C8E-341C-4613-9834-E7CDBE2D88BA}.Debug-Vsix|x64.Build.0 = Debug|Any CPU
		{23253C8E-341C-4613-9834-E7CDBE2D88BA}.Debug-Vsix|x86.ActiveCfg = Debug|Any CPU
		{23253C8E-341C-4613-9834-E7CDBE2D88BA}.Debug-Vsix|x86.Build.0 = Debug|Any CPU
		{23253C8E-341C-4613-9834-E7CDBE2D88BA}.Release|Any CPU.ActiveCfg = Release|Any CPU
		{23253C8E-341C-4613-9834-E7CDBE2D88BA}.Release|Any CPU.Build.0 = Release|Any CPU
		{23253C8E-341C-4613-9834-E7CDBE2D88BA}.Release|x64.ActiveCfg = Release|Any CPU
		{23253C8E-341C-4613-9834-E7CDBE2D88BA}.Release|x64.Build.0 = Release|Any CPU
		{23253C8E-341C-4613-9834-E7CDBE2D88BA}.Release|x86.ActiveCfg = Release|Any CPU
		{23253C8E-341C-4613-9834-E7CDBE2D88BA}.Release|x86.Build.0 = Release|Any CPU
		{A91AD05D-9BD5-43C3-9A0B-7D0F8CCE0267}.Debug|Any CPU.ActiveCfg = Debug|Any CPU
		{A91AD05D-9BD5-43C3-9A0B-7D0F8CCE0267}.Debug|Any CPU.Build.0 = Debug|Any CPU
		{A91AD05D-9BD5-43C3-9A0B-7D0F8CCE0267}.Debug|x64.ActiveCfg = Debug|Any CPU
		{A91AD05D-9BD5-43C3-9A0B-7D0F8CCE0267}.Debug|x64.Build.0 = Debug|Any CPU
		{A91AD05D-9BD5-43C3-9A0B-7D0F8CCE0267}.Debug|x86.ActiveCfg = Debug|Any CPU
		{A91AD05D-9BD5-43C3-9A0B-7D0F8CCE0267}.Debug|x86.Build.0 = Debug|Any CPU
		{A91AD05D-9BD5-43C3-9A0B-7D0F8CCE0267}.Debug-Vsix|Any CPU.ActiveCfg = Debug|Any CPU
		{A91AD05D-9BD5-43C3-9A0B-7D0F8CCE0267}.Debug-Vsix|Any CPU.Build.0 = Debug|Any CPU
		{A91AD05D-9BD5-43C3-9A0B-7D0F8CCE0267}.Debug-Vsix|x64.ActiveCfg = Debug|Any CPU
		{A91AD05D-9BD5-43C3-9A0B-7D0F8CCE0267}.Debug-Vsix|x64.Build.0 = Debug|Any CPU
		{A91AD05D-9BD5-43C3-9A0B-7D0F8CCE0267}.Debug-Vsix|x86.ActiveCfg = Debug|Any CPU
		{A91AD05D-9BD5-43C3-9A0B-7D0F8CCE0267}.Debug-Vsix|x86.Build.0 = Debug|Any CPU
		{A91AD05D-9BD5-43C3-9A0B-7D0F8CCE0267}.Release|Any CPU.ActiveCfg = Release|Any CPU
		{A91AD05D-9BD5-43C3-9A0B-7D0F8CCE0267}.Release|Any CPU.Build.0 = Release|Any CPU
		{A91AD05D-9BD5-43C3-9A0B-7D0F8CCE0267}.Release|x64.ActiveCfg = Release|Any CPU
		{A91AD05D-9BD5-43C3-9A0B-7D0F8CCE0267}.Release|x64.Build.0 = Release|Any CPU
		{A91AD05D-9BD5-43C3-9A0B-7D0F8CCE0267}.Release|x86.ActiveCfg = Release|Any CPU
		{A91AD05D-9BD5-43C3-9A0B-7D0F8CCE0267}.Release|x86.Build.0 = Release|Any CPU
		{4CAF1FEC-CAC2-44BE-A72B-540877583C36}.Debug|Any CPU.ActiveCfg = Debug|Any CPU
		{4CAF1FEC-CAC2-44BE-A72B-540877583C36}.Debug|Any CPU.Build.0 = Debug|Any CPU
		{4CAF1FEC-CAC2-44BE-A72B-540877583C36}.Debug|x64.ActiveCfg = Debug|Any CPU
		{4CAF1FEC-CAC2-44BE-A72B-540877583C36}.Debug|x64.Build.0 = Debug|Any CPU
		{4CAF1FEC-CAC2-44BE-A72B-540877583C36}.Debug|x86.ActiveCfg = Debug|Any CPU
		{4CAF1FEC-CAC2-44BE-A72B-540877583C36}.Debug|x86.Build.0 = Debug|Any CPU
		{4CAF1FEC-CAC2-44BE-A72B-540877583C36}.Debug-Vsix|Any CPU.ActiveCfg = Debug|Any CPU
		{4CAF1FEC-CAC2-44BE-A72B-540877583C36}.Debug-Vsix|Any CPU.Build.0 = Debug|Any CPU
		{4CAF1FEC-CAC2-44BE-A72B-540877583C36}.Debug-Vsix|x64.ActiveCfg = Debug|Any CPU
		{4CAF1FEC-CAC2-44BE-A72B-540877583C36}.Debug-Vsix|x64.Build.0 = Debug|Any CPU
		{4CAF1FEC-CAC2-44BE-A72B-540877583C36}.Debug-Vsix|x86.ActiveCfg = Debug|Any CPU
		{4CAF1FEC-CAC2-44BE-A72B-540877583C36}.Debug-Vsix|x86.Build.0 = Debug|Any CPU
		{4CAF1FEC-CAC2-44BE-A72B-540877583C36}.Release|Any CPU.ActiveCfg = Release|Any CPU
		{4CAF1FEC-CAC2-44BE-A72B-540877583C36}.Release|Any CPU.Build.0 = Release|Any CPU
		{4CAF1FEC-CAC2-44BE-A72B-540877583C36}.Release|x64.ActiveCfg = Release|Any CPU
		{4CAF1FEC-CAC2-44BE-A72B-540877583C36}.Release|x64.Build.0 = Release|Any CPU
		{4CAF1FEC-CAC2-44BE-A72B-540877583C36}.Release|x86.ActiveCfg = Release|Any CPU
		{4CAF1FEC-CAC2-44BE-A72B-540877583C36}.Release|x86.Build.0 = Release|Any CPU
	EndGlobalSection
	GlobalSection(SolutionProperties) = preSolution
		HideSolutionNode = FALSE
	EndGlobalSection
	GlobalSection(NestedProjects) = preSolution
		{427694A1-686C-4CDD-AEF5-01437B938626} = {298DF95B-B1E8-4E16-AF0F-C2F9CC0AEFB3}
		{245CE37C-F63C-42D8-9074-A7528A71C2EF} = {427694A1-686C-4CDD-AEF5-01437B938626}
		{A3370785-B451-46A6-A987-1D2E33670DED} = {427694A1-686C-4CDD-AEF5-01437B938626}
		{BF7F5D01-A042-403A-957C-B7E07668A6C3} = {427694A1-686C-4CDD-AEF5-01437B938626}
		{9CA1393E-997A-4C43-ACDB-6A18CB1BBE92} = {427694A1-686C-4CDD-AEF5-01437B938626}
		{BE446E9B-B2AB-4346-BD38-D6AB189E8CE4} = {EF15AF07-4890-424F-9260-937CA47204C3}
		{73E28B1D-A1A8-491D-84AC-B3564FF607E1} = {EF15AF07-4890-424F-9260-937CA47204C3}
		{7724CEA2-C6A7-4C24-B734-1E307DD59093} = {EF15AF07-4890-424F-9260-937CA47204C3}
		{857B6AAC-168B-4C0A-AC0E-9471B1133E18} = {298DF95B-B1E8-4E16-AF0F-C2F9CC0AEFB3}
		{85D37C09-55DB-4826-A82C-00306E7F7FFD} = {857B6AAC-168B-4C0A-AC0E-9471B1133E18}
		{4CB3E2A1-CBB9-40B5-A8E5-5E5BE0A43440} = {857B6AAC-168B-4C0A-AC0E-9471B1133E18}
		{956D5368-42DC-4449-BE26-3114A0FFA26A} = {857B6AAC-168B-4C0A-AC0E-9471B1133E18}
		{92675C61-F0E7-4317-AD8F-BF40246CA3BE} = {857B6AAC-168B-4C0A-AC0E-9471B1133E18}
		{F349EC21-2D0A-4BCF-8416-33783AC420CF} = {857B6AAC-168B-4C0A-AC0E-9471B1133E18}
		{25D47016-569C-4CB6-9CB3-B2B8243B3485} = {857B6AAC-168B-4C0A-AC0E-9471B1133E18}
		{364367F9-D5DF-4DE0-9BF5-230144E00CE9} = {857B6AAC-168B-4C0A-AC0E-9471B1133E18}
		{F2DC8AAC-B7A3-44CA-97C8-6DA6F6285EFA} = {298DF95B-B1E8-4E16-AF0F-C2F9CC0AEFB3}
		{9B7BAE87-1AFC-4E18-AA96-1A121CA288C4} = {F2DC8AAC-B7A3-44CA-97C8-6DA6F6285EFA}
		{71D54995-150C-440B-9AD2-AD45836E1CB9} = {F2DC8AAC-B7A3-44CA-97C8-6DA6F6285EFA}
		{7813B6ED-1EFF-4207-BB6C-F9F2C0F59308} = {F2DC8AAC-B7A3-44CA-97C8-6DA6F6285EFA}
		{C997F73F-0CAC-4558-B2D6-252131C0DBE0} = {857B6AAC-168B-4C0A-AC0E-9471B1133E18}
		{8C981375-A016-4B40-B54C-7A324A4D51F0} = {857B6AAC-168B-4C0A-AC0E-9471B1133E18}
		{09A00830-68F3-4F04-9322-8F83E898A554} = {F2DC8AAC-B7A3-44CA-97C8-6DA6F6285EFA}
		{5792E775-0950-4FE2-B38B-711C2023F6F3} = {298DF95B-B1E8-4E16-AF0F-C2F9CC0AEFB3}
		{FD74AE76-B79C-4540-96B6-223A5E12B89A} = {5792E775-0950-4FE2-B38B-711C2023F6F3}
		{4DD9FAA9-682E-46A6-8AD3-EABFF677C14A} = {857B6AAC-168B-4C0A-AC0E-9471B1133E18}
		{1FDC16C3-9941-4567-B969-32A7ECA7A237} = {857B6AAC-168B-4C0A-AC0E-9471B1133E18}
		{FA2F0723-B881-4DD6-AD6E-09AF2154D917} = {857B6AAC-168B-4C0A-AC0E-9471B1133E18}
		{2AF6A3B6-85AD-497D-A8B3-56586796B976} = {857B6AAC-168B-4C0A-AC0E-9471B1133E18}
		{790D1C86-D15B-4CE9-9FEE-F72E32AE2C4C} = {857B6AAC-168B-4C0A-AC0E-9471B1133E18}
		{35658C61-7D7E-4507-8355-0496FA7DA4E7} = {857B6AAC-168B-4C0A-AC0E-9471B1133E18}
		{E378A792-A0DE-4BD4-8473-B50EC92209FD} = {857B6AAC-168B-4C0A-AC0E-9471B1133E18}
		{23D21D9E-9F29-4ECF-B4D6-690D072E7FF6} = {857B6AAC-168B-4C0A-AC0E-9471B1133E18}
		{F2BB1A4A-15B3-4C56-ACDE-BE52B1D000D8} = {857B6AAC-168B-4C0A-AC0E-9471B1133E18}
		{B9D94FA6-CEAF-488F-8B1C-CA93C4F999A7} = {857B6AAC-168B-4C0A-AC0E-9471B1133E18}
		{2042090B-E2E7-4EC9-8A97-48C4F2013861} = {857B6AAC-168B-4C0A-AC0E-9471B1133E18}
		{0884F923-37B8-4728-A3EB-AD28CD38A0B6} = {857B6AAC-168B-4C0A-AC0E-9471B1133E18}
		{9D0D0F2F-37BC-485B-AF47-00788E5092A2} = {857B6AAC-168B-4C0A-AC0E-9471B1133E18}
		{70C3477B-8A46-480A-AB1D-0DCD486A55AD} = {857B6AAC-168B-4C0A-AC0E-9471B1133E18}
		{23253C8E-341C-4613-9834-E7CDBE2D88BA} = {857B6AAC-168B-4C0A-AC0E-9471B1133E18}
		{A91AD05D-9BD5-43C3-9A0B-7D0F8CCE0267} = {857B6AAC-168B-4C0A-AC0E-9471B1133E18}
		{4CAF1FEC-CAC2-44BE-A72B-540877583C36} = {857B6AAC-168B-4C0A-AC0E-9471B1133E18}
	EndGlobalSection
	GlobalSection(ExtensibilityGlobals) = postSolution
		SolutionGuid = {8CE0498A-BD84-493A-92FE-9B9AB146D86D}
	EndGlobalSection
	GlobalSection(Performance) = preSolution
		HasPerformanceSessions = true
	EndGlobalSection
EndGlobal
