
Microsoft Visual Studio Solution File, Format Version 12.00
# Visual Studio 15
VisualStudioVersion = 15.0.26730.8
MinimumVisualStudioVersion = 10.0.40219.1
Project("{9A19103F-16F7-4668-BE54-9A1E7A4F7556}") = "Runtime", "Runtime\Runtime.csproj", "{412F9C2E-C840-4D37-9B20-203DD06B1D98}"
EndProject
Project("{9A19103F-16F7-4668-BE54-9A1E7A4F7556}") = "Server", "Server\Server.csproj", "{AD185E40-0431-4C99-BB89-18D48C9798DC}"
EndProject
Project("{9A19103F-16F7-4668-BE54-9A1E7A4F7556}") = "Tests", "Tests\Tests.csproj", "{D8EF5801-AA5E-43D2-A19D-568D56D23F8D}"
EndProject
Project("{9A19103F-16F7-4668-BE54-9A1E7A4F7556}") = "WebApp", "WebApp\WebApp.csproj", "{8C5359F9-5A55-4078-AFB6-E524321DA6C3}"
EndProject
Project("{9A19103F-16F7-4668-BE54-9A1E7A4F7556}") = "Server.Azure", "Server.Azure\Server.Azure.csproj", "{3A8AEA1E-E3CC-46E2-A8B9-D0777AC33C12}"
EndProject
Project("{2150E333-8FDC-42A3-9474-1A3956D46DE8}") = "Solution Items", "Solution Items", "{8496C554-BC9D-4A47-AD04-5E580DF7F55C}"
	ProjectSection(SolutionItems) = preProject
		Directory.Build.props = Directory.Build.props
		Directory.Build.targets = Directory.Build.targets
	EndProjectSection
EndProject
Global
	GlobalSection(SolutionConfigurationPlatforms) = preSolution
		Debug|Any CPU = Debug|Any CPU
		Release|Any CPU = Release|Any CPU
	EndGlobalSection
	GlobalSection(ProjectConfigurationPlatforms) = postSolution
		{412F9C2E-C840-4D37-9B20-203DD06B1D98}.Debug|Any CPU.ActiveCfg = Debug|Any CPU
		{412F9C2E-C840-4D37-9B20-203DD06B1D98}.Debug|Any CPU.Build.0 = Debug|Any CPU
		{412F9C2E-C840-4D37-9B20-203DD06B1D98}.Release|Any CPU.ActiveCfg = Release|Any CPU
		{412F9C2E-C840-4D37-9B20-203DD06B1D98}.Release|Any CPU.Build.0 = Release|Any CPU
		{AD185E40-0431-4C99-BB89-18D48C9798DC}.Debug|Any CPU.ActiveCfg = Debug|Any CPU
		{AD185E40-0431-4C99-BB89-18D48C9798DC}.Debug|Any CPU.Build.0 = Debug|Any CPU
		{AD185E40-0431-4C99-BB89-18D48C9798DC}.Release|Any CPU.ActiveCfg = Release|Any CPU
		{AD185E40-0431-4C99-BB89-18D48C9798DC}.Release|Any CPU.Build.0 = Release|Any CPU
		{D8EF5801-AA5E-43D2-A19D-568D56D23F8D}.Debug|Any CPU.ActiveCfg = Debug|Any CPU
		{D8EF5801-AA5E-43D2-A19D-568D56D23F8D}.Debug|Any CPU.Build.0 = Debug|Any CPU
		{D8EF5801-AA5E-43D2-A19D-568D56D23F8D}.Release|Any CPU.ActiveCfg = Release|Any CPU
		{D8EF5801-AA5E-43D2-A19D-568D56D23F8D}.Release|Any CPU.Build.0 = Release|Any CPU
		{8C5359F9-5A55-4078-AFB6-E524321DA6C3}.Debug|Any CPU.ActiveCfg = Debug|Any CPU
		{8C5359F9-5A55-4078-AFB6-E524321DA6C3}.Debug|Any CPU.Build.0 = Debug|Any CPU
		{8C5359F9-5A55-4078-AFB6-E524321DA6C3}.Release|Any CPU.ActiveCfg = Release|Any CPU
		{8C5359F9-5A55-4078-AFB6-E524321DA6C3}.Release|Any CPU.Build.0 = Release|Any CPU
		{3A8AEA1E-E3CC-46E2-A8B9-D0777AC33C12}.Debug|Any CPU.ActiveCfg = Debug|Any CPU
		{3A8AEA1E-E3CC-46E2-A8B9-D0777AC33C12}.Debug|Any CPU.Build.0 = Debug|Any CPU
		{3A8AEA1E-E3CC-46E2-A8B9-D0777AC33C12}.Release|Any CPU.ActiveCfg = Release|Any CPU
		{3A8AEA1E-E3CC-46E2-A8B9-D0777AC33C12}.Release|Any CPU.Build.0 = Release|Any CPU
	EndGlobalSection
	GlobalSection(SolutionProperties) = preSolution
		HideSolutionNode = FALSE
	EndGlobalSection
	GlobalSection(ExtensibilityGlobals) = postSolution
		SolutionGuid = {8CE0498A-BD84-493A-92FE-9B9AB146D86D}
	EndGlobalSection
	GlobalSection(Performance) = preSolution
		HasPerformanceSessions = true
	EndGlobalSection
EndGlobal
