
Microsoft Visual Studio Solution File, Format Version 12.00
# Visual Studio 15
VisualStudioVersion = 15.0.26403.3
MinimumVisualStudioVersion = 10.0.40219.1
Project("{FAE04EC0-301F-11D3-BF4B-00C04F79EFBC}") = "WebApp", "WebApp\WebApp.csproj", "{8C5359F9-5A55-4078-AFB6-E524321DA6C3}"
EndProject
Project("{FAE04EC0-301F-11D3-BF4B-00C04F79EFBC}") = "Tests", "Tests\Tests.csproj", "{893C58AA-1444-46EF-A003-FAFECA67C17C}"
EndProject
Project("{FAE04EC0-301F-11D3-BF4B-00C04F79EFBC}") = "Server", "Server\Server.csproj", "{9BF5DBE2-0B1C-4D38-91DD-37B7E59C62D7}"
EndProject
Global
	GlobalSection(SolutionConfigurationPlatforms) = preSolution
		Debug|Any CPU = Debug|Any CPU
		Release|Any CPU = Release|Any CPU
	EndGlobalSection
	GlobalSection(ProjectConfigurationPlatforms) = postSolution
		{8C5359F9-5A55-4078-AFB6-E524321DA6C3}.Debug|Any CPU.ActiveCfg = Debug|Any CPU
		{8C5359F9-5A55-4078-AFB6-E524321DA6C3}.Debug|Any CPU.Build.0 = Debug|Any CPU
		{8C5359F9-5A55-4078-AFB6-E524321DA6C3}.Release|Any CPU.ActiveCfg = Release|Any CPU
		{8C5359F9-5A55-4078-AFB6-E524321DA6C3}.Release|Any CPU.Build.0 = Release|Any CPU
		{893C58AA-1444-46EF-A003-FAFECA67C17C}.Debug|Any CPU.ActiveCfg = Debug|Any CPU
		{893C58AA-1444-46EF-A003-FAFECA67C17C}.Debug|Any CPU.Build.0 = Debug|Any CPU
		{893C58AA-1444-46EF-A003-FAFECA67C17C}.Release|Any CPU.ActiveCfg = Release|Any CPU
		{893C58AA-1444-46EF-A003-FAFECA67C17C}.Release|Any CPU.Build.0 = Release|Any CPU
		{9BF5DBE2-0B1C-4D38-91DD-37B7E59C62D7}.Debug|Any CPU.ActiveCfg = Debug|Any CPU
		{9BF5DBE2-0B1C-4D38-91DD-37B7E59C62D7}.Debug|Any CPU.Build.0 = Debug|Any CPU
		{9BF5DBE2-0B1C-4D38-91DD-37B7E59C62D7}.Release|Any CPU.ActiveCfg = Release|Any CPU
		{9BF5DBE2-0B1C-4D38-91DD-37B7E59C62D7}.Release|Any CPU.Build.0 = Release|Any CPU
	EndGlobalSection
	GlobalSection(SolutionProperties) = preSolution
		HideSolutionNode = FALSE
	EndGlobalSection
EndGlobal
